// !$*UTF8*$!
{
	archiveVersion = 1;
	classes = {
	};
	objectVersion = 50;
	objects = {

/* Begin PBXBuildFile section */
		51A472FF20F9C9E700CC95F0 /* ReusableSource.h in Headers */ = {isa = PBXBuildFile; fileRef = 51A472FD20F9C9E700CC95F0 /* ReusableSource.h */; settings = {ATTRIBUTES = (Public, ); }; };
		51A4730B20F9CA1800CC95F0 /* DataProvider.swift in Sources */ = {isa = PBXBuildFile; fileRef = 51A4730520F9CA1800CC95F0 /* DataProvider.swift */; };
		51A4730C20F9CA1800CC95F0 /* ReusableCell.swift in Sources */ = {isa = PBXBuildFile; fileRef = 51A4730620F9CA1800CC95F0 /* ReusableCell.swift */; };
		51A4730D20F9CA1800CC95F0 /* ConfigurableCell.swift in Sources */ = {isa = PBXBuildFile; fileRef = 51A4730720F9CA1800CC95F0 /* ConfigurableCell.swift */; };
		51A4731020F9CA1800CC95F0 /* DataFetcher.swift in Sources */ = {isa = PBXBuildFile; fileRef = 51A4730A20F9CA1800CC95F0 /* DataFetcher.swift */; };
		51A4731620FA7F6400CC95F0 /* ReusableTableDataSourceDelegate.swift in Sources */ = {isa = PBXBuildFile; fileRef = 51A4731520FA7F6400CC95F0 /* ReusableTableDataSourceDelegate.swift */; };
		51A4731820FA842C00CC95F0 /* ReusableSource.swift in Sources */ = {isa = PBXBuildFile; fileRef = 51A4731720FA842C00CC95F0 /* ReusableSource.swift */; };
		51A4731A20FA84EA00CC95F0 /* NetworkSource.swift in Sources */ = {isa = PBXBuildFile; fileRef = 51A4731920FA84EA00CC95F0 /* NetworkSource.swift */; };
		51A4732020FA9B6F00CC95F0 /* NetworkController.swift in Sources */ = {isa = PBXBuildFile; fileRef = 51A4731F20FA9B6F00CC95F0 /* NetworkController.swift */; };
		51A4732220FA9B8800CC95F0 /* ReusableController.swift in Sources */ = {isa = PBXBuildFile; fileRef = 51A4732120FA9B8800CC95F0 /* ReusableController.swift */; };
		51A4732820FB081D00CC95F0 /* ReusableCollectionDataSourceFlowDelegate.swift in Sources */ = {isa = PBXBuildFile; fileRef = 51A4732720FB081D00CC95F0 /* ReusableCollectionDataSourceFlowDelegate.swift */; };
		51DEE52B20FBF274008E709D /* ReusableTableDataSource.swift in Sources */ = {isa = PBXBuildFile; fileRef = 51DEE52A20FBF274008E709D /* ReusableTableDataSource.swift */; };
		51DEE52D20FBF287008E709D /* ReusableCollectionDataSource.swift in Sources */ = {isa = PBXBuildFile; fileRef = 51DEE52C20FBF287008E709D /* ReusableCollectionDataSource.swift */; };
		51DEE53A20FC53D3008E709D /* README.md in Resources */ = {isa = PBXBuildFile; fileRef = 51DEE53920FC53D3008E709D /* README.md */; };
		51DEE5662103D0B7008E709D /* SingleSectionDataProvider.swift in Sources */ = {isa = PBXBuildFile; fileRef = 51DEE5652103D0B7008E709D /* SingleSectionDataProvider.swift */; };
/* End PBXBuildFile section */

/* Begin PBXFileReference section */
		51A472FA20F9C9E700CC95F0 /* ReusableSource.framework */ = {isa = PBXFileReference; explicitFileType = wrapper.framework; includeInIndex = 0; path = ReusableSource.framework; sourceTree = BUILT_PRODUCTS_DIR; };
		51A472FD20F9C9E700CC95F0 /* ReusableSource.h */ = {isa = PBXFileReference; lastKnownFileType = sourcecode.c.h; path = ReusableSource.h; sourceTree = "<group>"; };
		51A472FE20F9C9E700CC95F0 /* Info.plist */ = {isa = PBXFileReference; lastKnownFileType = text.plist.xml; path = Info.plist; sourceTree = "<group>"; };
		51A4730520F9CA1800CC95F0 /* DataProvider.swift */ = {isa = PBXFileReference; fileEncoding = 4; lastKnownFileType = sourcecode.swift; path = DataProvider.swift; sourceTree = "<group>"; };
		51A4730620F9CA1800CC95F0 /* ReusableCell.swift */ = {isa = PBXFileReference; fileEncoding = 4; lastKnownFileType = sourcecode.swift; path = ReusableCell.swift; sourceTree = "<group>"; };
		51A4730720F9CA1800CC95F0 /* ConfigurableCell.swift */ = {isa = PBXFileReference; fileEncoding = 4; lastKnownFileType = sourcecode.swift; path = ConfigurableCell.swift; sourceTree = "<group>"; };
		51A4730A20F9CA1800CC95F0 /* DataFetcher.swift */ = {isa = PBXFileReference; fileEncoding = 4; lastKnownFileType = sourcecode.swift; path = DataFetcher.swift; sourceTree = "<group>"; };
		51A4731520FA7F6400CC95F0 /* ReusableTableDataSourceDelegate.swift */ = {isa = PBXFileReference; lastKnownFileType = sourcecode.swift; path = ReusableTableDataSourceDelegate.swift; sourceTree = "<group>"; };
		51A4731720FA842C00CC95F0 /* ReusableSource.swift */ = {isa = PBXFileReference; lastKnownFileType = sourcecode.swift; path = ReusableSource.swift; sourceTree = "<group>"; };
		51A4731920FA84EA00CC95F0 /* NetworkSource.swift */ = {isa = PBXFileReference; lastKnownFileType = sourcecode.swift; path = NetworkSource.swift; sourceTree = "<group>"; };
		51A4731F20FA9B6F00CC95F0 /* NetworkController.swift */ = {isa = PBXFileReference; lastKnownFileType = sourcecode.swift; path = NetworkController.swift; sourceTree = "<group>"; };
		51A4732120FA9B8800CC95F0 /* ReusableController.swift */ = {isa = PBXFileReference; lastKnownFileType = sourcecode.swift; path = ReusableController.swift; sourceTree = "<group>"; };
		51A4732720FB081D00CC95F0 /* ReusableCollectionDataSourceFlowDelegate.swift */ = {isa = PBXFileReference; lastKnownFileType = sourcecode.swift; path = ReusableCollectionDataSourceFlowDelegate.swift; sourceTree = "<group>"; };
		51DEE52A20FBF274008E709D /* ReusableTableDataSource.swift */ = {isa = PBXFileReference; lastKnownFileType = sourcecode.swift; path = ReusableTableDataSource.swift; sourceTree = "<group>"; };
		51DEE52C20FBF287008E709D /* ReusableCollectionDataSource.swift */ = {isa = PBXFileReference; lastKnownFileType = sourcecode.swift; path = ReusableCollectionDataSource.swift; sourceTree = "<group>"; };
		51DEE53920FC53D3008E709D /* README.md */ = {isa = PBXFileReference; lastKnownFileType = net.daringfireball.markdown; path = README.md; sourceTree = "<group>"; };
		51DEE5652103D0B7008E709D /* SingleSectionDataProvider.swift */ = {isa = PBXFileReference; fileEncoding = 4; lastKnownFileType = sourcecode.swift; path = SingleSectionDataProvider.swift; sourceTree = "<group>"; };
/* End PBXFileReference section */

/* Begin PBXFrameworksBuildPhase section */
		51A472F620F9C9E700CC95F0 /* Frameworks */ = {
			isa = PBXFrameworksBuildPhase;
			buildActionMask = 2147483647;
			files = (
			);
			runOnlyForDeploymentPostprocessing = 0;
		};
/* End PBXFrameworksBuildPhase section */

/* Begin PBXGroup section */
		51A472F020F9C9E700CC95F0 = {
			isa = PBXGroup;
			children = (
				51A472FC20F9C9E700CC95F0 /* ReusableSource */,
				51A472FB20F9C9E700CC95F0 /* Products */,
			);
			sourceTree = "<group>";
		};
		51A472FB20F9C9E700CC95F0 /* Products */ = {
			isa = PBXGroup;
			children = (
				51A472FA20F9C9E700CC95F0 /* ReusableSource.framework */,
			);
			name = Products;
			sourceTree = "<group>";
		};
		51A472FC20F9C9E700CC95F0 /* ReusableSource */ = {
			isa = PBXGroup;
			children = (
				51A4730A20F9CA1800CC95F0 /* DataFetcher.swift */,
				51A4730520F9CA1800CC95F0 /* DataProvider.swift */,
				51A4730620F9CA1800CC95F0 /* ReusableCell.swift */,
				51A4730720F9CA1800CC95F0 /* ConfigurableCell.swift */,
				51A4731720FA842C00CC95F0 /* ReusableSource.swift */,
				51A4731920FA84EA00CC95F0 /* NetworkSource.swift */,
				51DEE52A20FBF274008E709D /* ReusableTableDataSource.swift */,
				51A4731520FA7F6400CC95F0 /* ReusableTableDataSourceDelegate.swift */,
				51DEE52C20FBF287008E709D /* ReusableCollectionDataSource.swift */,
				51A4732720FB081D00CC95F0 /* ReusableCollectionDataSourceFlowDelegate.swift */,
				51A4731F20FA9B6F00CC95F0 /* NetworkController.swift */,
				51A4732120FA9B8800CC95F0 /* ReusableController.swift */,
				51DEE5652103D0B7008E709D /* SingleSectionDataProvider.swift */,
				51A472FD20F9C9E700CC95F0 /* ReusableSource.h */,
				51A472FE20F9C9E700CC95F0 /* Info.plist */,
				51DEE53920FC53D3008E709D /* README.md */,
			);
			path = ReusableSource;
			sourceTree = "<group>";
		};
/* End PBXGroup section */

/* Begin PBXHeadersBuildPhase section */
		51A472F720F9C9E700CC95F0 /* Headers */ = {
			isa = PBXHeadersBuildPhase;
			buildActionMask = 2147483647;
			files = (
				51A472FF20F9C9E700CC95F0 /* ReusableSource.h in Headers */,
			);
			runOnlyForDeploymentPostprocessing = 0;
		};
/* End PBXHeadersBuildPhase section */

/* Begin PBXNativeTarget section */
		51A472F920F9C9E700CC95F0 /* ReusableSource */ = {
			isa = PBXNativeTarget;
			buildConfigurationList = 51A4730220F9C9E700CC95F0 /* Build configuration list for PBXNativeTarget "ReusableSource" */;
			buildPhases = (
				51A472F520F9C9E700CC95F0 /* Sources */,
				51A472F620F9C9E700CC95F0 /* Frameworks */,
				51A472F720F9C9E700CC95F0 /* Headers */,
				51A472F820F9C9E700CC95F0 /* Resources */,
			);
			buildRules = (
			);
			dependencies = (
			);
			name = ReusableSource;
			productName = ReusableSource;
			productReference = 51A472FA20F9C9E700CC95F0 /* ReusableSource.framework */;
			productType = "com.apple.product-type.framework";
		};
/* End PBXNativeTarget section */

/* Begin PBXProject section */
		51A472F120F9C9E700CC95F0 /* Project object */ = {
			isa = PBXProject;
			attributes = {
				LastUpgradeCheck = 0940;
				ORGANIZATIONNAME = "Pranay Neelagiri";
				TargetAttributes = {
					51A472F920F9C9E700CC95F0 = {
						CreatedOnToolsVersion = 9.4.1;
						LastSwiftMigration = 0940;
					};
				};
			};
			buildConfigurationList = 51A472F420F9C9E700CC95F0 /* Build configuration list for PBXProject "ReusableSource" */;
			compatibilityVersion = "Xcode 9.3";
			developmentRegion = en;
			hasScannedForEncodings = 0;
			knownRegions = (
				en,
			);
			mainGroup = 51A472F020F9C9E700CC95F0;
			productRefGroup = 51A472FB20F9C9E700CC95F0 /* Products */;
			projectDirPath = "";
			projectRoot = "";
			targets = (
				51A472F920F9C9E700CC95F0 /* ReusableSource */,
			);
		};
/* End PBXProject section */

/* Begin PBXResourcesBuildPhase section */
		51A472F820F9C9E700CC95F0 /* Resources */ = {
			isa = PBXResourcesBuildPhase;
			buildActionMask = 2147483647;
			files = (
				51DEE53A20FC53D3008E709D /* README.md in Resources */,
			);
			runOnlyForDeploymentPostprocessing = 0;
		};
/* End PBXResourcesBuildPhase section */

/* Begin PBXSourcesBuildPhase section */
		51A472F520F9C9E700CC95F0 /* Sources */ = {
			isa = PBXSourcesBuildPhase;
			buildActionMask = 2147483647;
			files = (
				51DEE5662103D0B7008E709D /* SingleSectionDataProvider.swift in Sources */,
				51A4732020FA9B6F00CC95F0 /* NetworkController.swift in Sources */,
				51A4731620FA7F6400CC95F0 /* ReusableTableDataSourceDelegate.swift in Sources */,
				51A4731A20FA84EA00CC95F0 /* NetworkSource.swift in Sources */,
				51A4730D20F9CA1800CC95F0 /* ConfigurableCell.swift in Sources */,
				51A4730C20F9CA1800CC95F0 /* ReusableCell.swift in Sources */,
				51A4731820FA842C00CC95F0 /* ReusableSource.swift in Sources */,
				51A4732220FA9B8800CC95F0 /* ReusableController.swift in Sources */,
				51DEE52B20FBF274008E709D /* ReusableTableDataSource.swift in Sources */,
				51A4731020F9CA1800CC95F0 /* DataFetcher.swift in Sources */,
				51A4730B20F9CA1800CC95F0 /* DataProvider.swift in Sources */,
				51A4732820FB081D00CC95F0 /* ReusableCollectionDataSourceFlowDelegate.swift in Sources */,
				51DEE52D20FBF287008E709D /* ReusableCollectionDataSource.swift in Sources */,
			);
			runOnlyForDeploymentPostprocessing = 0;
		};
/* End PBXSourcesBuildPhase section */

/* Begin XCBuildConfiguration section */
		51A4730020F9C9E700CC95F0 /* Debug */ = {
			isa = XCBuildConfiguration;
			buildSettings = {
				ALWAYS_SEARCH_USER_PATHS = NO;
				CLANG_ANALYZER_NONNULL = YES;
				CLANG_ANALYZER_NUMBER_OBJECT_CONVERSION = YES_AGGRESSIVE;
				CLANG_CXX_LANGUAGE_STANDARD = "gnu++14";
				CLANG_CXX_LIBRARY = "libc++";
				CLANG_ENABLE_MODULES = YES;
				CLANG_ENABLE_OBJC_ARC = YES;
				CLANG_ENABLE_OBJC_WEAK = YES;
				CLANG_WARN_BLOCK_CAPTURE_AUTORELEASING = YES;
				CLANG_WARN_BOOL_CONVERSION = YES;
				CLANG_WARN_COMMA = YES;
				CLANG_WARN_CONSTANT_CONVERSION = YES;
				CLANG_WARN_DEPRECATED_OBJC_IMPLEMENTATIONS = YES;
				CLANG_WARN_DIRECT_OBJC_ISA_USAGE = YES_ERROR;
				CLANG_WARN_DOCUMENTATION_COMMENTS = YES;
				CLANG_WARN_EMPTY_BODY = YES;
				CLANG_WARN_ENUM_CONVERSION = YES;
				CLANG_WARN_INFINITE_RECURSION = YES;
				CLANG_WARN_INT_CONVERSION = YES;
				CLANG_WARN_NON_LITERAL_NULL_CONVERSION = YES;
				CLANG_WARN_OBJC_IMPLICIT_RETAIN_SELF = YES;
				CLANG_WARN_OBJC_LITERAL_CONVERSION = YES;
				CLANG_WARN_OBJC_ROOT_CLASS = YES_ERROR;
				CLANG_WARN_RANGE_LOOP_ANALYSIS = YES;
				CLANG_WARN_STRICT_PROTOTYPES = YES;
				CLANG_WARN_SUSPICIOUS_MOVE = YES;
				CLANG_WARN_UNGUARDED_AVAILABILITY = YES_AGGRESSIVE;
				CLANG_WARN_UNREACHABLE_CODE = YES;
				CLANG_WARN__DUPLICATE_METHOD_MATCH = YES;
				CODE_SIGN_IDENTITY = "iPhone Developer";
				COPY_PHASE_STRIP = NO;
				CURRENT_PROJECT_VERSION = 1;
				DEBUG_INFORMATION_FORMAT = dwarf;
				ENABLE_STRICT_OBJC_MSGSEND = YES;
				ENABLE_TESTABILITY = YES;
				GCC_C_LANGUAGE_STANDARD = gnu11;
				GCC_DYNAMIC_NO_PIC = NO;
				GCC_NO_COMMON_BLOCKS = YES;
				GCC_OPTIMIZATION_LEVEL = 0;
				GCC_PREPROCESSOR_DEFINITIONS = (
					"DEBUG=1",
					"$(inherited)",
				);
				GCC_WARN_64_TO_32_BIT_CONVERSION = YES;
				GCC_WARN_ABOUT_RETURN_TYPE = YES_ERROR;
				GCC_WARN_UNDECLARED_SELECTOR = YES;
				GCC_WARN_UNINITIALIZED_AUTOS = YES_AGGRESSIVE;
				GCC_WARN_UNUSED_FUNCTION = YES;
				GCC_WARN_UNUSED_VARIABLE = YES;
				IPHONEOS_DEPLOYMENT_TARGET = 11.4;
				MTL_ENABLE_DEBUG_INFO = YES;
				ONLY_ACTIVE_ARCH = YES;
				SDKROOT = iphoneos;
				SWIFT_ACTIVE_COMPILATION_CONDITIONS = DEBUG;
				SWIFT_OPTIMIZATION_LEVEL = "-Onone";
				VERSIONING_SYSTEM = "apple-generic";
				VERSION_INFO_PREFIX = "";
			};
			name = Debug;
		};
		51A4730120F9C9E700CC95F0 /* Release */ = {
			isa = XCBuildConfiguration;
			buildSettings = {
				ALWAYS_SEARCH_USER_PATHS = NO;
				CLANG_ANALYZER_NONNULL = YES;
				CLANG_ANALYZER_NUMBER_OBJECT_CONVERSION = YES_AGGRESSIVE;
				CLANG_CXX_LANGUAGE_STANDARD = "gnu++14";
				CLANG_CXX_LIBRARY = "libc++";
				CLANG_ENABLE_MODULES = YES;
				CLANG_ENABLE_OBJC_ARC = YES;
				CLANG_ENABLE_OBJC_WEAK = YES;
				CLANG_WARN_BLOCK_CAPTURE_AUTORELEASING = YES;
				CLANG_WARN_BOOL_CONVERSION = YES;
				CLANG_WARN_COMMA = YES;
				CLANG_WARN_CONSTANT_CONVERSION = YES;
				CLANG_WARN_DEPRECATED_OBJC_IMPLEMENTATIONS = YES;
				CLANG_WARN_DIRECT_OBJC_ISA_USAGE = YES_ERROR;
				CLANG_WARN_DOCUMENTATION_COMMENTS = YES;
				CLANG_WARN_EMPTY_BODY = YES;
				CLANG_WARN_ENUM_CONVERSION = YES;
				CLANG_WARN_INFINITE_RECURSION = YES;
				CLANG_WARN_INT_CONVERSION = YES;
				CLANG_WARN_NON_LITERAL_NULL_CONVERSION = YES;
				CLANG_WARN_OBJC_IMPLICIT_RETAIN_SELF = YES;
				CLANG_WARN_OBJC_LITERAL_CONVERSION = YES;
				CLANG_WARN_OBJC_ROOT_CLASS = YES_ERROR;
				CLANG_WARN_RANGE_LOOP_ANALYSIS = YES;
				CLANG_WARN_STRICT_PROTOTYPES = YES;
				CLANG_WARN_SUSPICIOUS_MOVE = YES;
				CLANG_WARN_UNGUARDED_AVAILABILITY = YES_AGGRESSIVE;
				CLANG_WARN_UNREACHABLE_CODE = YES;
				CLANG_WARN__DUPLICATE_METHOD_MATCH = YES;
				CODE_SIGN_IDENTITY = "iPhone Developer";
				COPY_PHASE_STRIP = NO;
				CURRENT_PROJECT_VERSION = 1;
				DEBUG_INFORMATION_FORMAT = "dwarf-with-dsym";
				ENABLE_NS_ASSERTIONS = NO;
				ENABLE_STRICT_OBJC_MSGSEND = YES;
				GCC_C_LANGUAGE_STANDARD = gnu11;
				GCC_NO_COMMON_BLOCKS = YES;
				GCC_WARN_64_TO_32_BIT_CONVERSION = YES;
				GCC_WARN_ABOUT_RETURN_TYPE = YES_ERROR;
				GCC_WARN_UNDECLARED_SELECTOR = YES;
				GCC_WARN_UNINITIALIZED_AUTOS = YES_AGGRESSIVE;
				GCC_WARN_UNUSED_FUNCTION = YES;
				GCC_WARN_UNUSED_VARIABLE = YES;
				IPHONEOS_DEPLOYMENT_TARGET = 11.4;
				MTL_ENABLE_DEBUG_INFO = NO;
				SDKROOT = iphoneos;
				SWIFT_COMPILATION_MODE = wholemodule;
				SWIFT_OPTIMIZATION_LEVEL = "-O";
				VALIDATE_PRODUCT = YES;
				VERSIONING_SYSTEM = "apple-generic";
				VERSION_INFO_PREFIX = "";
			};
			name = Release;
		};
		51A4730320F9C9E700CC95F0 /* Debug */ = {
			isa = XCBuildConfiguration;
			buildSettings = {
				CLANG_ENABLE_MODULES = YES;
				CODE_SIGN_IDENTITY = "";
				CODE_SIGN_STYLE = Automatic;
				DEFINES_MODULE = YES;
				DEVELOPMENT_TEAM = B9QTN8GJXZ;
				DYLIB_COMPATIBILITY_VERSION = 1;
				DYLIB_CURRENT_VERSION = 1;
				DYLIB_INSTALL_NAME_BASE = "@rpath";
				INFOPLIST_FILE = ReusableSource/Info.plist;
				INSTALL_PATH = "$(LOCAL_LIBRARY_DIR)/Frameworks";
				IPHONEOS_DEPLOYMENT_TARGET = 10.0;
				LD_RUNPATH_SEARCH_PATHS = (
					"$(inherited)",
					"@executable_path/Frameworks",
					"@loader_path/Frameworks",
				);
				PRODUCT_BUNDLE_IDENTIFIER = PN.ReusableSource;
				PRODUCT_NAME = "$(TARGET_NAME:c99extidentifier)";
				SKIP_INSTALL = YES;
				SWIFT_OPTIMIZATION_LEVEL = "-Onone";
				SWIFT_VERSION = 4.0;
				TARGETED_DEVICE_FAMILY = "1,2";
			};
			name = Debug;
		};
		51A4730420F9C9E700CC95F0 /* Release */ = {
			isa = XCBuildConfiguration;
			buildSettings = {
				CLANG_ENABLE_MODULES = YES;
				CODE_SIGN_IDENTITY = "";
				CODE_SIGN_STYLE = Automatic;
				DEFINES_MODULE = YES;
				DEVELOPMENT_TEAM = B9QTN8GJXZ;
				DYLIB_COMPATIBILITY_VERSION = 1;
				DYLIB_CURRENT_VERSION = 1;
				DYLIB_INSTALL_NAME_BASE = "@rpath";
				INFOPLIST_FILE = ReusableSource/Info.plist;
				INSTALL_PATH = "$(LOCAL_LIBRARY_DIR)/Frameworks";
				IPHONEOS_DEPLOYMENT_TARGET = 10.0;
				LD_RUNPATH_SEARCH_PATHS = (
					"$(inherited)",
					"@executable_path/Frameworks",
					"@loader_path/Frameworks",
				);
				PRODUCT_BUNDLE_IDENTIFIER = PN.ReusableSource;
				PRODUCT_NAME = "$(TARGET_NAME:c99extidentifier)";
				SKIP_INSTALL = YES;
				SWIFT_VERSION = 4.0;
				TARGETED_DEVICE_FAMILY = "1,2";
			};
			name = Release;
		};
/* End XCBuildConfiguration section */

/* Begin XCConfigurationList section */
		51A472F420F9C9E700CC95F0 /* Build configuration list for PBXProject "ReusableSource" */ = {
			isa = XCConfigurationList;
			buildConfigurations = (
				51A4730020F9C9E700CC95F0 /* Debug */,
				51A4730120F9C9E700CC95F0 /* Release */,
			);
			defaultConfigurationIsVisible = 0;
			defaultConfigurationName = Release;
		};
		51A4730220F9C9E700CC95F0 /* Build configuration list for PBXNativeTarget "ReusableSource" */ = {
			isa = XCConfigurationList;
			buildConfigurations = (
				51A4730320F9C9E700CC95F0 /* Debug */,
				51A4730420F9C9E700CC95F0 /* Release */,
			);
			defaultConfigurationIsVisible = 0;
			defaultConfigurationName = Release;
		};
/* End XCConfigurationList section */
	};
	rootObject = 51A472F120F9C9E700CC95F0 /* Project object */;
}
