// !$*UTF8*$!
{
	archiveVersion = 1;
	classes = {
	};
	objectVersion = 50;
	objects = {

/* Begin PBXBuildFile section */
		5113C1202090F7B7001929DA /* RequestManager.swift in Sources */ = {isa = PBXBuildFile; fileRef = 5113C11F2090F7B7001929DA /* RequestManager.swift */; };
		5113C12920927F28001929DA /* HomeView.storyboard in Resources */ = {isa = PBXBuildFile; fileRef = 5113C12820927F28001929DA /* HomeView.storyboard */; };
		5113C12B20928658001929DA /* AnnouncementController.swift in Sources */ = {isa = PBXBuildFile; fileRef = 5113C12A20928658001929DA /* AnnouncementController.swift */; };
		5113C12D20928669001929DA /* AnnouncementView.storyboard in Resources */ = {isa = PBXBuildFile; fileRef = 5113C12C20928669001929DA /* AnnouncementView.storyboard */; };
		5113C12F209286B3001929DA /* SettingsController.swift in Sources */ = {isa = PBXBuildFile; fileRef = 5113C12E209286B3001929DA /* SettingsController.swift */; };
		5113C131209286C2001929DA /* SettingsView.storyboard in Resources */ = {isa = PBXBuildFile; fileRef = 5113C130209286C2001929DA /* SettingsView.storyboard */; };
		5113C133209286D9001929DA /* GradebookController.swift in Sources */ = {isa = PBXBuildFile; fileRef = 5113C132209286D9001929DA /* GradebookController.swift */; };
		5113C135209286E8001929DA /* GradebookView.storyboard in Resources */ = {isa = PBXBuildFile; fileRef = 5113C134209286E8001929DA /* GradebookView.storyboard */; };
		5113C13720928709001929DA /* AssignmentController.swift in Sources */ = {isa = PBXBuildFile; fileRef = 5113C13620928709001929DA /* AssignmentController.swift */; };
		5113C13920928718001929DA /* AssignmentView.storyboard in Resources */ = {isa = PBXBuildFile; fileRef = 5113C13820928718001929DA /* AssignmentView.storyboard */; };
		5113C13C2092BD74001929DA /* SiteModels.swift in Sources */ = {isa = PBXBuildFile; fileRef = 5113C13B2092BD74001929DA /* SiteModels.swift */; };
		5113C13E2092D8F1001929DA /* SiteTableViewCell.swift in Sources */ = {isa = PBXBuildFile; fileRef = 5113C13D2092D8F1001929DA /* SiteTableViewCell.swift */; };
		511D757A208DAA9600371998 /* HomeController.swift in Sources */ = {isa = PBXBuildFile; fileRef = 511D7579208DAA9600371998 /* HomeController.swift */; };
		514B623920952B89001A716C /* Parsing.swift in Sources */ = {isa = PBXBuildFile; fileRef = 514B623820952B89001A716C /* Parsing.swift */; };
		514B623C209569FE001A716C /* TableHeaderView.swift in Sources */ = {isa = PBXBuildFile; fileRef = 514B623B209569FE001A716C /* TableHeaderView.swift */; };
		AF412FE9DC8C8BBC41E42CFB /* Pods_SakaiClientiOS.framework in Frameworks */ = {isa = PBXBuildFile; fileRef = B694EF28F950D3315AFD2054 /* Pods_SakaiClientiOS.framework */; };
		DE0599F91DFD93B200D19D17 /* AppDelegate.swift in Sources */ = {isa = PBXBuildFile; fileRef = DE0599F81DFD93B200D19D17 /* AppDelegate.swift */; };
		DE0599FB1DFD93B200D19D17 /* LoginViewController.swift in Sources */ = {isa = PBXBuildFile; fileRef = DE0599FA1DFD93B200D19D17 /* LoginViewController.swift */; };
		DE0599FE1DFD93B200D19D17 /* Main.storyboard in Resources */ = {isa = PBXBuildFile; fileRef = DE0599FC1DFD93B200D19D17 /* Main.storyboard */; };
		DE059A001DFD93B200D19D17 /* Assets.xcassets in Resources */ = {isa = PBXBuildFile; fileRef = DE0599FF1DFD93B200D19D17 /* Assets.xcassets */; };
		DE059A031DFD93B200D19D17 /* LaunchScreen.storyboard in Resources */ = {isa = PBXBuildFile; fileRef = DE059A011DFD93B200D19D17 /* LaunchScreen.storyboard */; };
/* End PBXBuildFile section */

/* Begin PBXFileReference section */
		1336A3822B73F22079CD0E3F /* Pods-SakaiClientiOS.debug.xcconfig */ = {isa = PBXFileReference; includeInIndex = 1; lastKnownFileType = text.xcconfig; name = "Pods-SakaiClientiOS.debug.xcconfig"; path = "Pods/Target Support Files/Pods-SakaiClientiOS/Pods-SakaiClientiOS.debug.xcconfig"; sourceTree = "<group>"; };
		4DC2A7AA49263295ACC1E5D6 /* Pods-SakaiClientiOS.release.xcconfig */ = {isa = PBXFileReference; includeInIndex = 1; lastKnownFileType = text.xcconfig; name = "Pods-SakaiClientiOS.release.xcconfig"; path = "Pods/Target Support Files/Pods-SakaiClientiOS/Pods-SakaiClientiOS.release.xcconfig"; sourceTree = "<group>"; };
		5113C11F2090F7B7001929DA /* RequestManager.swift */ = {isa = PBXFileReference; lastKnownFileType = sourcecode.swift; path = RequestManager.swift; sourceTree = "<group>"; };
		5113C12820927F28001929DA /* HomeView.storyboard */ = {isa = PBXFileReference; lastKnownFileType = file.storyboard; path = HomeView.storyboard; sourceTree = "<group>"; };
		5113C12A20928658001929DA /* AnnouncementController.swift */ = {isa = PBXFileReference; lastKnownFileType = sourcecode.swift; path = AnnouncementController.swift; sourceTree = "<group>"; };
		5113C12C20928669001929DA /* AnnouncementView.storyboard */ = {isa = PBXFileReference; lastKnownFileType = file.storyboard; path = AnnouncementView.storyboard; sourceTree = "<group>"; };
		5113C12E209286B3001929DA /* SettingsController.swift */ = {isa = PBXFileReference; lastKnownFileType = sourcecode.swift; path = SettingsController.swift; sourceTree = "<group>"; };
		5113C130209286C2001929DA /* SettingsView.storyboard */ = {isa = PBXFileReference; lastKnownFileType = file.storyboard; path = SettingsView.storyboard; sourceTree = "<group>"; };
		5113C132209286D9001929DA /* GradebookController.swift */ = {isa = PBXFileReference; lastKnownFileType = sourcecode.swift; path = GradebookController.swift; sourceTree = "<group>"; };
		5113C134209286E8001929DA /* GradebookView.storyboard */ = {isa = PBXFileReference; lastKnownFileType = file.storyboard; path = GradebookView.storyboard; sourceTree = "<group>"; };
		5113C13620928709001929DA /* AssignmentController.swift */ = {isa = PBXFileReference; lastKnownFileType = sourcecode.swift; path = AssignmentController.swift; sourceTree = "<group>"; };
		5113C13820928718001929DA /* AssignmentView.storyboard */ = {isa = PBXFileReference; lastKnownFileType = file.storyboard; path = AssignmentView.storyboard; sourceTree = "<group>"; };
		5113C13B2092BD74001929DA /* SiteModels.swift */ = {isa = PBXFileReference; lastKnownFileType = sourcecode.swift; path = SiteModels.swift; sourceTree = "<group>"; };
		5113C13D2092D8F1001929DA /* SiteTableViewCell.swift */ = {isa = PBXFileReference; lastKnownFileType = sourcecode.swift; path = SiteTableViewCell.swift; sourceTree = "<group>"; };
		511D7579208DAA9600371998 /* HomeController.swift */ = {isa = PBXFileReference; lastKnownFileType = sourcecode.swift; path = HomeController.swift; sourceTree = "<group>"; };
		514B623820952B89001A716C /* Parsing.swift */ = {isa = PBXFileReference; lastKnownFileType = sourcecode.swift; path = Parsing.swift; sourceTree = "<group>"; };
		514B623B209569FE001A716C /* TableHeaderView.swift */ = {isa = PBXFileReference; lastKnownFileType = sourcecode.swift; path = TableHeaderView.swift; sourceTree = "<group>"; };
		B694EF28F950D3315AFD2054 /* Pods_SakaiClientiOS.framework */ = {isa = PBXFileReference; explicitFileType = wrapper.framework; includeInIndex = 0; path = Pods_SakaiClientiOS.framework; sourceTree = BUILT_PRODUCTS_DIR; };
		DE0599F51DFD93B200D19D17 /* SakaiClientiOS.app */ = {isa = PBXFileReference; explicitFileType = wrapper.application; includeInIndex = 0; path = SakaiClientiOS.app; sourceTree = BUILT_PRODUCTS_DIR; };
		DE0599F81DFD93B200D19D17 /* AppDelegate.swift */ = {isa = PBXFileReference; lastKnownFileType = sourcecode.swift; path = AppDelegate.swift; sourceTree = "<group>"; };
		DE0599FA1DFD93B200D19D17 /* LoginViewController.swift */ = {isa = PBXFileReference; lastKnownFileType = sourcecode.swift; path = LoginViewController.swift; sourceTree = "<group>"; };
		DE0599FD1DFD93B200D19D17 /* Base */ = {isa = PBXFileReference; lastKnownFileType = file.storyboard; name = Base; path = Base.lproj/Main.storyboard; sourceTree = "<group>"; };
		DE0599FF1DFD93B200D19D17 /* Assets.xcassets */ = {isa = PBXFileReference; lastKnownFileType = folder.assetcatalog; path = Assets.xcassets; sourceTree = "<group>"; };
		DE059A021DFD93B200D19D17 /* Base */ = {isa = PBXFileReference; lastKnownFileType = file.storyboard; name = Base; path = Base.lproj/LaunchScreen.storyboard; sourceTree = "<group>"; };
		DE059A041DFD93B200D19D17 /* Info.plist */ = {isa = PBXFileReference; lastKnownFileType = text.plist.xml; path = Info.plist; sourceTree = "<group>"; };
/* End PBXFileReference section */

/* Begin PBXFrameworksBuildPhase section */
		DE0599F21DFD93B100D19D17 /* Frameworks */ = {
			isa = PBXFrameworksBuildPhase;
			buildActionMask = 2147483647;
			files = (
				AF412FE9DC8C8BBC41E42CFB /* Pods_SakaiClientiOS.framework in Frameworks */,
			);
			runOnlyForDeploymentPostprocessing = 0;
		};
/* End PBXFrameworksBuildPhase section */

/* Begin PBXGroup section */
		2FAF2B4998C18CFABEFC9396 /* Pods */ = {
			isa = PBXGroup;
			children = (
				1336A3822B73F22079CD0E3F /* Pods-SakaiClientiOS.debug.xcconfig */,
				4DC2A7AA49263295ACC1E5D6 /* Pods-SakaiClientiOS.release.xcconfig */,
			);
			name = Pods;
			sourceTree = "<group>";
		};
		5113C12320927D19001929DA /* Assignment */ = {
			isa = PBXGroup;
			children = (
				5113C13620928709001929DA /* AssignmentController.swift */,
				5113C13820928718001929DA /* AssignmentView.storyboard */,
			);
			path = Assignment;
			sourceTree = "<group>";
		};
		5113C12420927D44001929DA /* Gradebook */ = {
			isa = PBXGroup;
			children = (
				5113C132209286D9001929DA /* GradebookController.swift */,
				5113C134209286E8001929DA /* GradebookView.storyboard */,
			);
			path = Gradebook;
			sourceTree = "<group>";
		};
		5113C12520927D51001929DA /* Settings */ = {
			isa = PBXGroup;
			children = (
				5113C12E209286B3001929DA /* SettingsController.swift */,
				5113C130209286C2001929DA /* SettingsView.storyboard */,
			);
			path = Settings;
			sourceTree = "<group>";
		};
		5113C12620927D5A001929DA /* Home */ = {
			isa = PBXGroup;
			children = (
				511D7579208DAA9600371998 /* HomeController.swift */,
				5113C12820927F28001929DA /* HomeView.storyboard */,
			);
			path = Home;
			sourceTree = "<group>";
		};
		5113C12720927D6C001929DA /* Announcement */ = {
			isa = PBXGroup;
			children = (
				5113C12A20928658001929DA /* AnnouncementController.swift */,
				5113C12C20928669001929DA /* AnnouncementView.storyboard */,
			);
			path = Announcement;
			sourceTree = "<group>";
		};
		5113C13A209298FF001929DA /* Models */ = {
			isa = PBXGroup;
			children = (
				5113C13B2092BD74001929DA /* SiteModels.swift */,
				514B623820952B89001A716C /* Parsing.swift */,
			);
			path = Models;
			sourceTree = "<group>";
		};
		514B623A209569AF001A716C /* UIElements */ = {
			isa = PBXGroup;
			children = (
				5113C13D2092D8F1001929DA /* SiteTableViewCell.swift */,
				514B623B209569FE001A716C /* TableHeaderView.swift */,
			);
			path = UIElements;
			sourceTree = "<group>";
		};
		6A04DF0725D71CF9D407734A /* Frameworks */ = {
			isa = PBXGroup;
			children = (
				B694EF28F950D3315AFD2054 /* Pods_SakaiClientiOS.framework */,
			);
			name = Frameworks;
			sourceTree = "<group>";
		};
		DE0599EC1DFD93B100D19D17 = {
			isa = PBXGroup;
			children = (
				DE0599F71DFD93B200D19D17 /* SakaiClientiOS */,
				DE0599F61DFD93B200D19D17 /* Products */,
				2FAF2B4998C18CFABEFC9396 /* Pods */,
				6A04DF0725D71CF9D407734A /* Frameworks */,
			);
			sourceTree = "<group>";
		};
		DE0599F61DFD93B200D19D17 /* Products */ = {
			isa = PBXGroup;
			children = (
				DE0599F51DFD93B200D19D17 /* SakaiClientiOS.app */,
			);
			name = Products;
			sourceTree = "<group>";
		};
		DE0599F71DFD93B200D19D17 /* SakaiClientiOS */ = {
			isa = PBXGroup;
			children = (
				514B623A209569AF001A716C /* UIElements */,
				5113C13A209298FF001929DA /* Models */,
				5113C12720927D6C001929DA /* Announcement */,
				5113C12620927D5A001929DA /* Home */,
				5113C12520927D51001929DA /* Settings */,
				5113C12420927D44001929DA /* Gradebook */,
				5113C12320927D19001929DA /* Assignment */,
				DE0599F81DFD93B200D19D17 /* AppDelegate.swift */,
				DE0599FA1DFD93B200D19D17 /* LoginViewController.swift */,
				DE0599FC1DFD93B200D19D17 /* Main.storyboard */,
				DE0599FF1DFD93B200D19D17 /* Assets.xcassets */,
				DE059A011DFD93B200D19D17 /* LaunchScreen.storyboard */,
				DE059A041DFD93B200D19D17 /* Info.plist */,
				5113C11F2090F7B7001929DA /* RequestManager.swift */,
			);
			path = SakaiClientiOS;
			sourceTree = "<group>";
		};
/* End PBXGroup section */

/* Begin PBXNativeTarget section */
		DE0599F41DFD93B100D19D17 /* SakaiClientiOS */ = {
			isa = PBXNativeTarget;
			buildConfigurationList = DE059A071DFD93B200D19D17 /* Build configuration list for PBXNativeTarget "SakaiClientiOS" */;
			buildPhases = (
				4D1053EB7B6A570595CA4DBE /* [CP] Check Pods Manifest.lock */,
				DE0599F11DFD93B100D19D17 /* Sources */,
				DE0599F21DFD93B100D19D17 /* Frameworks */,
				DE0599F31DFD93B100D19D17 /* Resources */,
				0F6DD87F7C4A76FEA6594FEC /* [CP] Embed Pods Frameworks */,
			);
			buildRules = (
			);
			dependencies = (
			);
			name = SakaiClientiOS;
			productName = "web load";
			productReference = DE0599F51DFD93B200D19D17 /* SakaiClientiOS.app */;
			productType = "com.apple.product-type.application";
		};
/* End PBXNativeTarget section */

/* Begin PBXProject section */
		DE0599ED1DFD93B100D19D17 /* Project object */ = {
			isa = PBXProject;
			attributes = {
				LastSwiftUpdateCheck = 0810;
				LastUpgradeCheck = 0810;
				ORGANIZATIONNAME = "";
				TargetAttributes = {
					DE0599F41DFD93B100D19D17 = {
						CreatedOnToolsVersion = 8.1;
						ProvisioningStyle = Automatic;
					};
				};
			};
			buildConfigurationList = DE0599F01DFD93B100D19D17 /* Build configuration list for PBXProject "SakaiClientiOS" */;
			compatibilityVersion = "Xcode 9.3";
			developmentRegion = English;
			hasScannedForEncodings = 0;
			knownRegions = (
				en,
				Base,
			);
			mainGroup = DE0599EC1DFD93B100D19D17;
			productRefGroup = DE0599F61DFD93B200D19D17 /* Products */;
			projectDirPath = "";
			projectRoot = "";
			targets = (
				DE0599F41DFD93B100D19D17 /* SakaiClientiOS */,
			);
		};
/* End PBXProject section */

/* Begin PBXResourcesBuildPhase section */
		DE0599F31DFD93B100D19D17 /* Resources */ = {
			isa = PBXResourcesBuildPhase;
			buildActionMask = 2147483647;
			files = (
				DE059A031DFD93B200D19D17 /* LaunchScreen.storyboard in Resources */,
				5113C135209286E8001929DA /* GradebookView.storyboard in Resources */,
				5113C12D20928669001929DA /* AnnouncementView.storyboard in Resources */,
				DE059A001DFD93B200D19D17 /* Assets.xcassets in Resources */,
				5113C13920928718001929DA /* AssignmentView.storyboard in Resources */,
				5113C131209286C2001929DA /* SettingsView.storyboard in Resources */,
				5113C12920927F28001929DA /* HomeView.storyboard in Resources */,
				DE0599FE1DFD93B200D19D17 /* Main.storyboard in Resources */,
			);
			runOnlyForDeploymentPostprocessing = 0;
		};
/* End PBXResourcesBuildPhase section */

/* Begin PBXShellScriptBuildPhase section */
		0F6DD87F7C4A76FEA6594FEC /* [CP] Embed Pods Frameworks */ = {
			isa = PBXShellScriptBuildPhase;
			buildActionMask = 2147483647;
			files = (
			);
			inputPaths = (
				"${SRCROOT}/Pods/Target Support Files/Pods-SakaiClientiOS/Pods-SakaiClientiOS-frameworks.sh",
				"${BUILT_PRODUCTS_DIR}/Alamofire/Alamofire.framework",
				"${BUILT_PRODUCTS_DIR}/SwiftyJSON/SwiftyJSON.framework",
			);
			name = "[CP] Embed Pods Frameworks";
			outputPaths = (
				"${TARGET_BUILD_DIR}/${FRAMEWORKS_FOLDER_PATH}/Alamofire.framework",
				"${TARGET_BUILD_DIR}/${FRAMEWORKS_FOLDER_PATH}/SwiftyJSON.framework",
			);
			runOnlyForDeploymentPostprocessing = 0;
			shellPath = /bin/sh;
			shellScript = "\"${SRCROOT}/Pods/Target Support Files/Pods-SakaiClientiOS/Pods-SakaiClientiOS-frameworks.sh\"\n";
			showEnvVarsInLog = 0;
		};
		4D1053EB7B6A570595CA4DBE /* [CP] Check Pods Manifest.lock */ = {
			isa = PBXShellScriptBuildPhase;
			buildActionMask = 2147483647;
			files = (
			);
			inputPaths = (
				"${PODS_PODFILE_DIR_PATH}/Podfile.lock",
				"${PODS_ROOT}/Manifest.lock",
			);
			name = "[CP] Check Pods Manifest.lock";
			outputPaths = (
				"$(DERIVED_FILE_DIR)/Pods-SakaiClientiOS-checkManifestLockResult.txt",
			);
			runOnlyForDeploymentPostprocessing = 0;
			shellPath = /bin/sh;
			shellScript = "diff \"${PODS_PODFILE_DIR_PATH}/Podfile.lock\" \"${PODS_ROOT}/Manifest.lock\" > /dev/null\nif [ $? != 0 ] ; then\n    # print error to STDERR\n    echo \"error: The sandbox is not in sync with the Podfile.lock. Run 'pod install' or update your CocoaPods installation.\" >&2\n    exit 1\nfi\n# This output is used by Xcode 'outputs' to avoid re-running this script phase.\necho \"SUCCESS\" > \"${SCRIPT_OUTPUT_FILE_0}\"\n";
			showEnvVarsInLog = 0;
		};
/* End PBXShellScriptBuildPhase section */

/* Begin PBXSourcesBuildPhase section */
		DE0599F11DFD93B100D19D17 /* Sources */ = {
			isa = PBXSourcesBuildPhase;
			buildActionMask = 2147483647;
			files = (
				5113C12B20928658001929DA /* AnnouncementController.swift in Sources */,
				DE0599FB1DFD93B200D19D17 /* LoginViewController.swift in Sources */,
				5113C13E2092D8F1001929DA /* SiteTableViewCell.swift in Sources */,
				5113C13720928709001929DA /* AssignmentController.swift in Sources */,
				5113C1202090F7B7001929DA /* RequestManager.swift in Sources */,
				5113C13C2092BD74001929DA /* SiteModels.swift in Sources */,
				5113C12F209286B3001929DA /* SettingsController.swift in Sources */,
				514B623C209569FE001A716C /* TableHeaderView.swift in Sources */,
				514B623920952B89001A716C /* Parsing.swift in Sources */,
				5113C133209286D9001929DA /* GradebookController.swift in Sources */,
				511D757A208DAA9600371998 /* HomeController.swift in Sources */,
				DE0599F91DFD93B200D19D17 /* AppDelegate.swift in Sources */,
			);
			runOnlyForDeploymentPostprocessing = 0;
		};
/* End PBXSourcesBuildPhase section */

/* Begin PBXVariantGroup section */
		DE0599FC1DFD93B200D19D17 /* Main.storyboard */ = {
			isa = PBXVariantGroup;
			children = (
				DE0599FD1DFD93B200D19D17 /* Base */,
			);
			name = Main.storyboard;
			sourceTree = "<group>";
		};
		DE059A011DFD93B200D19D17 /* LaunchScreen.storyboard */ = {
			isa = PBXVariantGroup;
			children = (
				DE059A021DFD93B200D19D17 /* Base */,
			);
			name = LaunchScreen.storyboard;
			sourceTree = "<group>";
		};
/* End PBXVariantGroup section */

/* Begin XCBuildConfiguration section */
		DE059A051DFD93B200D19D17 /* Debug */ = {
			isa = XCBuildConfiguration;
			buildSettings = {
				ALWAYS_SEARCH_USER_PATHS = NO;
				CLANG_ANALYZER_NONNULL = YES;
				CLANG_CXX_LANGUAGE_STANDARD = "gnu++0x";
				CLANG_CXX_LIBRARY = "libc++";
				CLANG_ENABLE_MODULES = YES;
				CLANG_ENABLE_OBJC_ARC = YES;
				CLANG_WARN_BOOL_CONVERSION = YES;
				CLANG_WARN_CONSTANT_CONVERSION = YES;
				CLANG_WARN_DIRECT_OBJC_ISA_USAGE = YES_ERROR;
				CLANG_WARN_DOCUMENTATION_COMMENTS = YES;
				CLANG_WARN_EMPTY_BODY = YES;
				CLANG_WARN_ENUM_CONVERSION = YES;
				CLANG_WARN_INFINITE_RECURSION = YES;
				CLANG_WARN_INT_CONVERSION = YES;
				CLANG_WARN_OBJC_ROOT_CLASS = YES_ERROR;
				CLANG_WARN_SUSPICIOUS_MOVES = YES;
				CLANG_WARN_UNREACHABLE_CODE = YES;
				CLANG_WARN__DUPLICATE_METHOD_MATCH = YES;
				CODE_SIGN_IDENTITY = "";
				"CODE_SIGN_IDENTITY[sdk=*]" = "iPhone Developer";
				CODE_SIGN_STYLE = Automatic;
				COPY_PHASE_STRIP = NO;
				DEBUG_INFORMATION_FORMAT = dwarf;
				DEVELOPMENT_TEAM = JKXA55BNZW;
				ENABLE_STRICT_OBJC_MSGSEND = YES;
				ENABLE_TESTABILITY = YES;
				GCC_C_LANGUAGE_STANDARD = gnu99;
				GCC_DYNAMIC_NO_PIC = NO;
				GCC_NO_COMMON_BLOCKS = YES;
				GCC_OPTIMIZATION_LEVEL = 0;
				GCC_PREPROCESSOR_DEFINITIONS = (
					"DEBUG=1",
					"$(inherited)",
				);
				GCC_WARN_64_TO_32_BIT_CONVERSION = YES;
				GCC_WARN_ABOUT_RETURN_TYPE = YES_ERROR;
				GCC_WARN_UNDECLARED_SELECTOR = YES;
				GCC_WARN_UNINITIALIZED_AUTOS = YES_AGGRESSIVE;
				GCC_WARN_UNUSED_FUNCTION = YES;
				GCC_WARN_UNUSED_VARIABLE = YES;
				IPHONEOS_DEPLOYMENT_TARGET = 10.1;
				MTL_ENABLE_DEBUG_INFO = YES;
				ONLY_ACTIVE_ARCH = YES;
				SDKROOT = iphoneos;
				SWIFT_ACTIVE_COMPILATION_CONDITIONS = DEBUG;
				SWIFT_COMPILATION_MODE = singlefile;
				SWIFT_OPTIMIZATION_LEVEL = "-Onone";
			};
			name = Debug;
		};
		DE059A061DFD93B200D19D17 /* Release */ = {
			isa = XCBuildConfiguration;
			buildSettings = {
				ALWAYS_SEARCH_USER_PATHS = NO;
				CLANG_ANALYZER_NONNULL = YES;
				CLANG_CXX_LANGUAGE_STANDARD = "gnu++0x";
				CLANG_CXX_LIBRARY = "libc++";
				CLANG_ENABLE_MODULES = YES;
				CLANG_ENABLE_OBJC_ARC = YES;
				CLANG_WARN_BOOL_CONVERSION = YES;
				CLANG_WARN_CONSTANT_CONVERSION = YES;
				CLANG_WARN_DIRECT_OBJC_ISA_USAGE = YES_ERROR;
				CLANG_WARN_DOCUMENTATION_COMMENTS = YES;
				CLANG_WARN_EMPTY_BODY = YES;
				CLANG_WARN_ENUM_CONVERSION = YES;
				CLANG_WARN_INFINITE_RECURSION = YES;
				CLANG_WARN_INT_CONVERSION = YES;
				CLANG_WARN_OBJC_ROOT_CLASS = YES_ERROR;
				CLANG_WARN_SUSPICIOUS_MOVES = YES;
				CLANG_WARN_UNREACHABLE_CODE = YES;
				CLANG_WARN__DUPLICATE_METHOD_MATCH = YES;
				"CODE_SIGN_IDENTITY[sdk=iphoneos*]" = "iPhone Developer";
				CODE_SIGN_STYLE = Automatic;
				COPY_PHASE_STRIP = NO;
				DEBUG_INFORMATION_FORMAT = "dwarf-with-dsym";
				DEVELOPMENT_TEAM = JKXA55BNZW;
				ENABLE_NS_ASSERTIONS = NO;
				ENABLE_STRICT_OBJC_MSGSEND = YES;
				GCC_C_LANGUAGE_STANDARD = gnu99;
				GCC_NO_COMMON_BLOCKS = YES;
				GCC_WARN_64_TO_32_BIT_CONVERSION = YES;
				GCC_WARN_ABOUT_RETURN_TYPE = YES_ERROR;
				GCC_WARN_UNDECLARED_SELECTOR = YES;
				GCC_WARN_UNINITIALIZED_AUTOS = YES_AGGRESSIVE;
				GCC_WARN_UNUSED_FUNCTION = YES;
				GCC_WARN_UNUSED_VARIABLE = YES;
				IPHONEOS_DEPLOYMENT_TARGET = 10.1;
				MTL_ENABLE_DEBUG_INFO = NO;
				SDKROOT = iphoneos;
				SWIFT_COMPILATION_MODE = wholemodule;
				SWIFT_OPTIMIZATION_LEVEL = "-O";
				VALIDATE_PRODUCT = YES;
			};
			name = Release;
		};
		DE059A081DFD93B200D19D17 /* Debug */ = {
			isa = XCBuildConfiguration;
			baseConfigurationReference = 1336A3822B73F22079CD0E3F /* Pods-SakaiClientiOS.debug.xcconfig */;
			buildSettings = {
				ASSETCATALOG_COMPILER_APPICON_NAME = AppIcon;
				DEVELOPMENT_TEAM = JKXA55BNZW;
				INFOPLIST_FILE = "$(SRCROOT)/SakaiClientiOS/Info.plist";
				IPHONEOS_DEPLOYMENT_TARGET = 11.0;
				LD_RUNPATH_SEARCH_PATHS = (
					"$(inherited)",
					"@executable_path/Frameworks",
				);
				PRODUCT_BUNDLE_IDENTIFIER = "com.PN.sakai-client";
				PRODUCT_NAME = "$(TARGET_NAME)";
				SDKROOT = iphoneos11.3;
				SWIFT_VERSION = 4.0;
			};
			name = Debug;
		};
		DE059A091DFD93B200D19D17 /* Release */ = {
			isa = XCBuildConfiguration;
			baseConfigurationReference = 4DC2A7AA49263295ACC1E5D6 /* Pods-SakaiClientiOS.release.xcconfig */;
			buildSettings = {
				ASSETCATALOG_COMPILER_APPICON_NAME = AppIcon;
				DEVELOPMENT_TEAM = JKXA55BNZW;
				INFOPLIST_FILE = "$(SRCROOT)/SakaiClientiOS/Info.plist";
				IPHONEOS_DEPLOYMENT_TARGET = 11.0;
				LD_RUNPATH_SEARCH_PATHS = (
					"$(inherited)",
					"@executable_path/Frameworks",
				);
				PRODUCT_BUNDLE_IDENTIFIER = "com.PN.sakai-client";
				PRODUCT_NAME = "$(TARGET_NAME)";
				SDKROOT = iphoneos11.3;
				SWIFT_VERSION = 4.0;
			};
			name = Release;
		};
/* End XCBuildConfiguration section */

/* Begin XCConfigurationList section */
		DE0599F01DFD93B100D19D17 /* Build configuration list for PBXProject "SakaiClientiOS" */ = {
			isa = XCConfigurationList;
			buildConfigurations = (
				DE059A051DFD93B200D19D17 /* Debug */,
				DE059A061DFD93B200D19D17 /* Release */,
			);
			defaultConfigurationIsVisible = 0;
			defaultConfigurationName = Release;
		};
		DE059A071DFD93B200D19D17 /* Build configuration list for PBXNativeTarget "SakaiClientiOS" */ = {
			isa = XCConfigurationList;
			buildConfigurations = (
				DE059A081DFD93B200D19D17 /* Debug */,
				DE059A091DFD93B200D19D17 /* Release */,
			);
			defaultConfigurationIsVisible = 0;
			defaultConfigurationName = Release;
		};
/* End XCConfigurationList section */
	};
	rootObject = DE0599ED1DFD93B100D19D17 /* Project object */;
}
