// !$*UTF8*$!
{
	archiveVersion = 1;
	classes = {
	};
	objectVersion = 50;
	objects = {

/* Begin PBXBuildFile section */
		5103FDF620E7FDC4009F8BF4 /* AnnouncementDataSource.swift in Sources */ = {isa = PBXBuildFile; fileRef = 5103FDF520E7FDC4009F8BF4 /* AnnouncementDataSource.swift */; };
		5103FDF820E862DD009F8BF4 /* Announcement.swift in Sources */ = {isa = PBXBuildFile; fileRef = 5103FDF720E862DD009F8BF4 /* Announcement.swift */; };
		5103FDFA20E86676009F8BF4 /* AnnouncementCell.swift in Sources */ = {isa = PBXBuildFile; fileRef = 5103FDF920E86676009F8BF4 /* AnnouncementCell.swift */; };
		5111149A20CD89D20077F872 /* Assignment.swift in Sources */ = {isa = PBXBuildFile; fileRef = 5111149920CD89D20077F872 /* Assignment.swift */; };
		5111149C20CD97110077F872 /* AssignmentTableCell.swift in Sources */ = {isa = PBXBuildFile; fileRef = 5111149B20CD97110077F872 /* AssignmentTableCell.swift */; };
		5111149E20CD972D0077F872 /* AssignmentCell.swift in Sources */ = {isa = PBXBuildFile; fileRef = 5111149D20CD972D0077F872 /* AssignmentCell.swift */; };
		511114A020CDA9B70077F872 /* SiteAssignmentsDataSource.swift in Sources */ = {isa = PBXBuildFile; fileRef = 5111149F20CDA9B70077F872 /* SiteAssignmentsDataSource.swift */; };
		511114A220CDCABD0077F872 /* Layouts.swift in Sources */ = {isa = PBXBuildFile; fileRef = 511114A120CDCABD0077F872 /* Layouts.swift */; };
		511114A420CE08CB0077F872 /* AssignmentDataSource.swift in Sources */ = {isa = PBXBuildFile; fileRef = 511114A320CE08CB0077F872 /* AssignmentDataSource.swift */; };
		511114A820D0C0D20077F872 /* InsetUILabel.swift in Sources */ = {isa = PBXBuildFile; fileRef = 511114A720D0C0D20077F872 /* InsetUILabel.swift */; };
		511114AC20D6CD440077F872 /* WebController.swift in Sources */ = {isa = PBXBuildFile; fileRef = 511114AB20D6CD440077F872 /* WebController.swift */; };
		511114B520D74D570077F872 /* PagedAssignmentController.swift in Sources */ = {isa = PBXBuildFile; fileRef = 511114B420D74D570077F872 /* PagedAssignmentController.swift */; };
		511114B720D752260077F872 /* AssignmentPageController.swift in Sources */ = {isa = PBXBuildFile; fileRef = 511114B620D752260077F872 /* AssignmentPageController.swift */; };
		511114B920D881450077F872 /* AssignmentPageView.swift in Sources */ = {isa = PBXBuildFile; fileRef = 511114B820D881450077F872 /* AssignmentPageView.swift */; };
		511114BB20DB4B770077F872 /* DetailLabel.swift in Sources */ = {isa = PBXBuildFile; fileRef = 511114BA20DB4B770077F872 /* DetailLabel.swift */; };
		511114BD20DDF8DF0077F872 /* AssignmentDetailsView.swift in Sources */ = {isa = PBXBuildFile; fileRef = 511114BC20DDF8DF0077F872 /* AssignmentDetailsView.swift */; };
		5113C1202090F7B7001929DA /* RequestManager.swift in Sources */ = {isa = PBXBuildFile; fileRef = 5113C11F2090F7B7001929DA /* RequestManager.swift */; };
		5113C12920927F28001929DA /* HomeView.storyboard in Resources */ = {isa = PBXBuildFile; fileRef = 5113C12820927F28001929DA /* HomeView.storyboard */; };
		5113C12B20928658001929DA /* AnnouncementController.swift in Sources */ = {isa = PBXBuildFile; fileRef = 5113C12A20928658001929DA /* AnnouncementController.swift */; };
		5113C12D20928669001929DA /* AnnouncementView.storyboard in Resources */ = {isa = PBXBuildFile; fileRef = 5113C12C20928669001929DA /* AnnouncementView.storyboard */; };
		5113C12F209286B3001929DA /* SettingsController.swift in Sources */ = {isa = PBXBuildFile; fileRef = 5113C12E209286B3001929DA /* SettingsController.swift */; };
		5113C131209286C2001929DA /* SettingsView.storyboard in Resources */ = {isa = PBXBuildFile; fileRef = 5113C130209286C2001929DA /* SettingsView.storyboard */; };
		5113C133209286D9001929DA /* GradebookController.swift in Sources */ = {isa = PBXBuildFile; fileRef = 5113C132209286D9001929DA /* GradebookController.swift */; };
		5113C135209286E8001929DA /* GradebookView.storyboard in Resources */ = {isa = PBXBuildFile; fileRef = 5113C134209286E8001929DA /* GradebookView.storyboard */; };
		5113C13720928709001929DA /* AssignmentController.swift in Sources */ = {isa = PBXBuildFile; fileRef = 5113C13620928709001929DA /* AssignmentController.swift */; };
		5113C13920928718001929DA /* AssignmentView.storyboard in Resources */ = {isa = PBXBuildFile; fileRef = 5113C13820928718001929DA /* AssignmentView.storyboard */; };
		5113C13C2092BD74001929DA /* Site.swift in Sources */ = {isa = PBXBuildFile; fileRef = 5113C13B2092BD74001929DA /* Site.swift */; };
		5113C13E2092D8F1001929DA /* SiteCell.swift in Sources */ = {isa = PBXBuildFile; fileRef = 5113C13D2092D8F1001929DA /* SiteCell.swift */; };
		5113D57A20C35D6500842469 /* SiteDataSource.swift in Sources */ = {isa = PBXBuildFile; fileRef = 5113D57920C35D6500842469 /* SiteDataSource.swift */; };
		511D757A208DAA9600371998 /* HomeController.swift in Sources */ = {isa = PBXBuildFile; fileRef = 511D7579208DAA9600371998 /* HomeController.swift */; };
		514B623920952B89001A716C /* Parsing.swift in Sources */ = {isa = PBXBuildFile; fileRef = 514B623820952B89001A716C /* Parsing.swift */; };
		514B623C209569FE001A716C /* TermHeader.swift in Sources */ = {isa = PBXBuildFile; fileRef = 514B623B209569FE001A716C /* TermHeader.swift */; };
		517F378820E01AED00B21D5A /* LNPopupController.framework in Frameworks */ = {isa = PBXBuildFile; fileRef = 517F378420E019D900B21D5A /* LNPopupController.framework */; };
		517F378920E01AED00B21D5A /* LNPopupController.framework in Embed Frameworks */ = {isa = PBXBuildFile; fileRef = 517F378420E019D900B21D5A /* LNPopupController.framework */; settings = {ATTRIBUTES = (CodeSignOnCopy, RemoveHeadersOnCopy, ); }; };
		517F378C20E1BEA400B21D5A /* DateSortedAssignmentDataSource.swift in Sources */ = {isa = PBXBuildFile; fileRef = 517F378B20E1BEA400B21D5A /* DateSortedAssignmentDataSource.swift */; };
		518296D620A631CC00EAD645 /* Term.swift in Sources */ = {isa = PBXBuildFile; fileRef = 518296D520A631CC00EAD645 /* Term.swift */; };
		518CFCAC20B4E68200D5AE8F /* GradebookPageController.swift in Sources */ = {isa = PBXBuildFile; fileRef = 518CFCAB20B4E68200D5AE8F /* GradebookPageController.swift */; };
		5193356820ED68E400469FD4 /* BaseTableViewController.swift in Sources */ = {isa = PBXBuildFile; fileRef = 5193356720ED68E400469FD4 /* BaseTableViewController.swift */; };
		5193356B20EEFC9C00469FD4 /* BaseTableDataSourceImplementation.swift in Sources */ = {isa = PBXBuildFile; fileRef = 5193356A20EEFC9C00469FD4 /* BaseTableDataSourceImplementation.swift */; };
		5193356E20F2A6CC00469FD4 /* GradebookPageDataSource.swift in Sources */ = {isa = PBXBuildFile; fileRef = 5193356D20F2A6CC00469FD4 /* GradebookPageDataSource.swift */; };
		5193357020F2FB3300469FD4 /* AnnouncementPageView.swift in Sources */ = {isa = PBXBuildFile; fileRef = 5193356F20F2FB3300469FD4 /* AnnouncementPageView.swift */; };
		5193357220F2FC1D00469FD4 /* AnnouncementPageController.swift in Sources */ = {isa = PBXBuildFile; fileRef = 5193357120F2FC1D00469FD4 /* AnnouncementPageController.swift */; };
		5193357420F44FFE00469FD4 /* SearchDelegate.swift in Sources */ = {isa = PBXBuildFile; fileRef = 5193357320F44FFE00469FD4 /* SearchDelegate.swift */; };
		51C2D14F20C394CD00E4C901 /* BaseHideableTableViewController.swift in Sources */ = {isa = PBXBuildFile; fileRef = 51C2D14E20C394CD00E4C901 /* BaseHideableTableViewController.swift */; };
		51C2D15320C4463700E4C901 /* GradebookDataSource.swift in Sources */ = {isa = PBXBuildFile; fileRef = 51C2D15220C4463700E4C901 /* GradebookDataSource.swift */; };
		51C2D15520C4471000E4C901 /* HideableTableDataSourceImplementation.swift in Sources */ = {isa = PBXBuildFile; fileRef = 51C2D15420C4471000E4C901 /* HideableTableDataSourceImplementation.swift */; };
		51C2D15C20C496F000E4C901 /* FloatingHeaderCell.swift in Sources */ = {isa = PBXBuildFile; fileRef = 51C2D15B20C496F000E4C901 /* FloatingHeaderCell.swift */; };
		51C2D15E20C4A84B00E4C901 /* DataSourceProtocols.swift in Sources */ = {isa = PBXBuildFile; fileRef = 51C2D15D20C4A84B00E4C901 /* DataSourceProtocols.swift */; };
		51C4B7EA20A6555C00DD6696 /* SitePage.swift in Sources */ = {isa = PBXBuildFile; fileRef = 51C4B7E920A6555C00DD6696 /* SitePage.swift */; };
		51C4B7EC20A660FA00DD6696 /* ClassController.swift in Sources */ = {isa = PBXBuildFile; fileRef = 51C4B7EB20A660FA00DD6696 /* ClassController.swift */; };
		51C4B7F020A7858D00DD6696 /* LoadingIndicator.swift in Sources */ = {isa = PBXBuildFile; fileRef = 51C4B7EF20A7858D00DD6696 /* LoadingIndicator.swift */; };
		51C4B7F420A8BBF800DD6696 /* GradebookCell.swift in Sources */ = {isa = PBXBuildFile; fileRef = 51C4B7F320A8BBF800DD6696 /* GradebookCell.swift */; };
		51C4B7F820A8CAC400DD6696 /* GradeItem.swift in Sources */ = {isa = PBXBuildFile; fileRef = 51C4B7F720A8CAC400DD6696 /* GradeItem.swift */; };
		51C4B7FA20A9247C00DD6696 /* DefaultController.swift in Sources */ = {isa = PBXBuildFile; fileRef = 51C4B7F920A9247C00DD6696 /* DefaultController.swift */; };
		51C4B80620AD11F300DD6696 /* AppGlobals.swift in Sources */ = {isa = PBXBuildFile; fileRef = 51C4B80520AD11F300DD6696 /* AppGlobals.swift */; };
		51C6DA2220EB1CC1001BD954 /* DataHandler.swift in Sources */ = {isa = PBXBuildFile; fileRef = 51C6DA2120EB1CC1001BD954 /* DataHandler.swift */; };
		AF412FE9DC8C8BBC41E42CFB /* Pods_SakaiClientiOS.framework in Frameworks */ = {isa = PBXBuildFile; fileRef = B694EF28F950D3315AFD2054 /* Pods_SakaiClientiOS.framework */; };
		DE0599F91DFD93B200D19D17 /* AppDelegate.swift in Sources */ = {isa = PBXBuildFile; fileRef = DE0599F81DFD93B200D19D17 /* AppDelegate.swift */; };
		DE0599FB1DFD93B200D19D17 /* LoginViewController.swift in Sources */ = {isa = PBXBuildFile; fileRef = DE0599FA1DFD93B200D19D17 /* LoginViewController.swift */; };
		DE0599FE1DFD93B200D19D17 /* Main.storyboard in Resources */ = {isa = PBXBuildFile; fileRef = DE0599FC1DFD93B200D19D17 /* Main.storyboard */; };
		DE059A001DFD93B200D19D17 /* Assets.xcassets in Resources */ = {isa = PBXBuildFile; fileRef = DE0599FF1DFD93B200D19D17 /* Assets.xcassets */; };
		DE059A031DFD93B200D19D17 /* LaunchScreen.storyboard in Resources */ = {isa = PBXBuildFile; fileRef = DE059A011DFD93B200D19D17 /* LaunchScreen.storyboard */; };
/* End PBXBuildFile section */

/* Begin PBXCopyFilesBuildPhase section */
		517F378A20E01AED00B21D5A /* Embed Frameworks */ = {
			isa = PBXCopyFilesBuildPhase;
			buildActionMask = 2147483647;
			dstPath = "";
			dstSubfolderSpec = 10;
			files = (
				517F378920E01AED00B21D5A /* LNPopupController.framework in Embed Frameworks */,
			);
			name = "Embed Frameworks";
			runOnlyForDeploymentPostprocessing = 0;
		};
/* End PBXCopyFilesBuildPhase section */

/* Begin PBXFileReference section */
		1336A3822B73F22079CD0E3F /* Pods-SakaiClientiOS.debug.xcconfig */ = {isa = PBXFileReference; includeInIndex = 1; lastKnownFileType = text.xcconfig; name = "Pods-SakaiClientiOS.debug.xcconfig"; path = "Pods/Target Support Files/Pods-SakaiClientiOS/Pods-SakaiClientiOS.debug.xcconfig"; sourceTree = "<group>"; };
		4DC2A7AA49263295ACC1E5D6 /* Pods-SakaiClientiOS.release.xcconfig */ = {isa = PBXFileReference; includeInIndex = 1; lastKnownFileType = text.xcconfig; name = "Pods-SakaiClientiOS.release.xcconfig"; path = "Pods/Target Support Files/Pods-SakaiClientiOS/Pods-SakaiClientiOS.release.xcconfig"; sourceTree = "<group>"; };
		5103FDF520E7FDC4009F8BF4 /* AnnouncementDataSource.swift */ = {isa = PBXFileReference; lastKnownFileType = sourcecode.swift; path = AnnouncementDataSource.swift; sourceTree = "<group>"; };
		5103FDF720E862DD009F8BF4 /* Announcement.swift */ = {isa = PBXFileReference; lastKnownFileType = sourcecode.swift; path = Announcement.swift; sourceTree = "<group>"; };
		5103FDF920E86676009F8BF4 /* AnnouncementCell.swift */ = {isa = PBXFileReference; lastKnownFileType = sourcecode.swift; path = AnnouncementCell.swift; sourceTree = "<group>"; };
		5111149920CD89D20077F872 /* Assignment.swift */ = {isa = PBXFileReference; lastKnownFileType = sourcecode.swift; path = Assignment.swift; sourceTree = "<group>"; };
		5111149B20CD97110077F872 /* AssignmentTableCell.swift */ = {isa = PBXFileReference; lastKnownFileType = sourcecode.swift; path = AssignmentTableCell.swift; sourceTree = "<group>"; };
		5111149D20CD972D0077F872 /* AssignmentCell.swift */ = {isa = PBXFileReference; lastKnownFileType = sourcecode.swift; path = AssignmentCell.swift; sourceTree = "<group>"; };
		5111149F20CDA9B70077F872 /* SiteAssignmentsDataSource.swift */ = {isa = PBXFileReference; lastKnownFileType = sourcecode.swift; path = SiteAssignmentsDataSource.swift; sourceTree = "<group>"; };
		511114A120CDCABD0077F872 /* Layouts.swift */ = {isa = PBXFileReference; lastKnownFileType = sourcecode.swift; path = Layouts.swift; sourceTree = "<group>"; };
		511114A320CE08CB0077F872 /* AssignmentDataSource.swift */ = {isa = PBXFileReference; lastKnownFileType = sourcecode.swift; path = AssignmentDataSource.swift; sourceTree = "<group>"; };
		511114A720D0C0D20077F872 /* InsetUILabel.swift */ = {isa = PBXFileReference; lastKnownFileType = sourcecode.swift; path = InsetUILabel.swift; sourceTree = "<group>"; };
		511114AB20D6CD440077F872 /* WebController.swift */ = {isa = PBXFileReference; lastKnownFileType = sourcecode.swift; path = WebController.swift; sourceTree = "<group>"; };
		511114B420D74D570077F872 /* PagedAssignmentController.swift */ = {isa = PBXFileReference; lastKnownFileType = sourcecode.swift; path = PagedAssignmentController.swift; sourceTree = "<group>"; };
		511114B620D752260077F872 /* AssignmentPageController.swift */ = {isa = PBXFileReference; lastKnownFileType = sourcecode.swift; path = AssignmentPageController.swift; sourceTree = "<group>"; };
		511114B820D881450077F872 /* AssignmentPageView.swift */ = {isa = PBXFileReference; lastKnownFileType = sourcecode.swift; path = AssignmentPageView.swift; sourceTree = "<group>"; };
		511114BA20DB4B770077F872 /* DetailLabel.swift */ = {isa = PBXFileReference; lastKnownFileType = sourcecode.swift; path = DetailLabel.swift; sourceTree = "<group>"; };
		511114BC20DDF8DF0077F872 /* AssignmentDetailsView.swift */ = {isa = PBXFileReference; lastKnownFileType = sourcecode.swift; path = AssignmentDetailsView.swift; sourceTree = "<group>"; };
		5113C11F2090F7B7001929DA /* RequestManager.swift */ = {isa = PBXFileReference; lastKnownFileType = sourcecode.swift; path = RequestManager.swift; sourceTree = "<group>"; };
		5113C12820927F28001929DA /* HomeView.storyboard */ = {isa = PBXFileReference; lastKnownFileType = file.storyboard; path = HomeView.storyboard; sourceTree = "<group>"; };
		5113C12A20928658001929DA /* AnnouncementController.swift */ = {isa = PBXFileReference; lastKnownFileType = sourcecode.swift; path = AnnouncementController.swift; sourceTree = "<group>"; };
		5113C12C20928669001929DA /* AnnouncementView.storyboard */ = {isa = PBXFileReference; lastKnownFileType = file.storyboard; path = AnnouncementView.storyboard; sourceTree = "<group>"; };
		5113C12E209286B3001929DA /* SettingsController.swift */ = {isa = PBXFileReference; lastKnownFileType = sourcecode.swift; path = SettingsController.swift; sourceTree = "<group>"; };
		5113C130209286C2001929DA /* SettingsView.storyboard */ = {isa = PBXFileReference; lastKnownFileType = file.storyboard; path = SettingsView.storyboard; sourceTree = "<group>"; };
		5113C132209286D9001929DA /* GradebookController.swift */ = {isa = PBXFileReference; lastKnownFileType = sourcecode.swift; path = GradebookController.swift; sourceTree = "<group>"; };
		5113C134209286E8001929DA /* GradebookView.storyboard */ = {isa = PBXFileReference; lastKnownFileType = file.storyboard; path = GradebookView.storyboard; sourceTree = "<group>"; };
		5113C13620928709001929DA /* AssignmentController.swift */ = {isa = PBXFileReference; lastKnownFileType = sourcecode.swift; path = AssignmentController.swift; sourceTree = "<group>"; };
		5113C13820928718001929DA /* AssignmentView.storyboard */ = {isa = PBXFileReference; lastKnownFileType = file.storyboard; path = AssignmentView.storyboard; sourceTree = "<group>"; };
		5113C13B2092BD74001929DA /* Site.swift */ = {isa = PBXFileReference; lastKnownFileType = sourcecode.swift; path = Site.swift; sourceTree = "<group>"; };
		5113C13D2092D8F1001929DA /* SiteCell.swift */ = {isa = PBXFileReference; lastKnownFileType = sourcecode.swift; path = SiteCell.swift; sourceTree = "<group>"; };
		5113D57920C35D6500842469 /* SiteDataSource.swift */ = {isa = PBXFileReference; lastKnownFileType = sourcecode.swift; path = SiteDataSource.swift; sourceTree = "<group>"; };
		511D7579208DAA9600371998 /* HomeController.swift */ = {isa = PBXFileReference; lastKnownFileType = sourcecode.swift; path = HomeController.swift; sourceTree = "<group>"; };
		514B623820952B89001A716C /* Parsing.swift */ = {isa = PBXFileReference; lastKnownFileType = sourcecode.swift; path = Parsing.swift; sourceTree = "<group>"; };
		514B623B209569FE001A716C /* TermHeader.swift */ = {isa = PBXFileReference; lastKnownFileType = sourcecode.swift; path = TermHeader.swift; sourceTree = "<group>"; };
		517F378420E019D900B21D5A /* LNPopupController.framework */ = {isa = PBXFileReference; explicitFileType = wrapper.framework; path = LNPopupController.framework; sourceTree = BUILT_PRODUCTS_DIR; };
		517F378B20E1BEA400B21D5A /* DateSortedAssignmentDataSource.swift */ = {isa = PBXFileReference; lastKnownFileType = sourcecode.swift; path = DateSortedAssignmentDataSource.swift; sourceTree = "<group>"; };
		518296D520A631CC00EAD645 /* Term.swift */ = {isa = PBXFileReference; lastKnownFileType = sourcecode.swift; path = Term.swift; sourceTree = "<group>"; };
		518CFCAB20B4E68200D5AE8F /* GradebookPageController.swift */ = {isa = PBXFileReference; lastKnownFileType = sourcecode.swift; path = GradebookPageController.swift; sourceTree = "<group>"; };
		5193356720ED68E400469FD4 /* BaseTableViewController.swift */ = {isa = PBXFileReference; lastKnownFileType = sourcecode.swift; path = BaseTableViewController.swift; sourceTree = "<group>"; };
		5193356A20EEFC9C00469FD4 /* BaseTableDataSourceImplementation.swift */ = {isa = PBXFileReference; lastKnownFileType = sourcecode.swift; path = BaseTableDataSourceImplementation.swift; sourceTree = "<group>"; };
		5193356D20F2A6CC00469FD4 /* GradebookPageDataSource.swift */ = {isa = PBXFileReference; lastKnownFileType = sourcecode.swift; path = GradebookPageDataSource.swift; sourceTree = "<group>"; };
		5193356F20F2FB3300469FD4 /* AnnouncementPageView.swift */ = {isa = PBXFileReference; lastKnownFileType = sourcecode.swift; path = AnnouncementPageView.swift; sourceTree = "<group>"; };
		5193357120F2FC1D00469FD4 /* AnnouncementPageController.swift */ = {isa = PBXFileReference; lastKnownFileType = sourcecode.swift; path = AnnouncementPageController.swift; sourceTree = "<group>"; };
		5193357320F44FFE00469FD4 /* SearchDelegate.swift */ = {isa = PBXFileReference; lastKnownFileType = sourcecode.swift; path = SearchDelegate.swift; sourceTree = "<group>"; };
		51C2D14E20C394CD00E4C901 /* BaseHideableTableViewController.swift */ = {isa = PBXFileReference; lastKnownFileType = sourcecode.swift; path = BaseHideableTableViewController.swift; sourceTree = "<group>"; };
		51C2D15220C4463700E4C901 /* GradebookDataSource.swift */ = {isa = PBXFileReference; lastKnownFileType = sourcecode.swift; path = GradebookDataSource.swift; sourceTree = "<group>"; };
		51C2D15420C4471000E4C901 /* HideableTableDataSourceImplementation.swift */ = {isa = PBXFileReference; lastKnownFileType = sourcecode.swift; path = HideableTableDataSourceImplementation.swift; sourceTree = "<group>"; };
		51C2D15B20C496F000E4C901 /* FloatingHeaderCell.swift */ = {isa = PBXFileReference; lastKnownFileType = sourcecode.swift; path = FloatingHeaderCell.swift; sourceTree = "<group>"; };
		51C2D15D20C4A84B00E4C901 /* DataSourceProtocols.swift */ = {isa = PBXFileReference; fileEncoding = 4; lastKnownFileType = sourcecode.swift; path = DataSourceProtocols.swift; sourceTree = "<group>"; };
		51C4B7E920A6555C00DD6696 /* SitePage.swift */ = {isa = PBXFileReference; lastKnownFileType = sourcecode.swift; path = SitePage.swift; sourceTree = "<group>"; };
		51C4B7EB20A660FA00DD6696 /* ClassController.swift */ = {isa = PBXFileReference; lastKnownFileType = sourcecode.swift; path = ClassController.swift; sourceTree = "<group>"; };
		51C4B7EF20A7858D00DD6696 /* LoadingIndicator.swift */ = {isa = PBXFileReference; lastKnownFileType = sourcecode.swift; path = LoadingIndicator.swift; sourceTree = "<group>"; };
		51C4B7F320A8BBF800DD6696 /* GradebookCell.swift */ = {isa = PBXFileReference; lastKnownFileType = sourcecode.swift; path = GradebookCell.swift; sourceTree = "<group>"; };
		51C4B7F720A8CAC400DD6696 /* GradeItem.swift */ = {isa = PBXFileReference; lastKnownFileType = sourcecode.swift; path = GradeItem.swift; sourceTree = "<group>"; };
		51C4B7F920A9247C00DD6696 /* DefaultController.swift */ = {isa = PBXFileReference; lastKnownFileType = sourcecode.swift; path = DefaultController.swift; sourceTree = "<group>"; };
		51C4B80520AD11F300DD6696 /* AppGlobals.swift */ = {isa = PBXFileReference; lastKnownFileType = sourcecode.swift; path = AppGlobals.swift; sourceTree = "<group>"; };
		51C6DA2120EB1CC1001BD954 /* DataHandler.swift */ = {isa = PBXFileReference; lastKnownFileType = sourcecode.swift; path = DataHandler.swift; sourceTree = "<group>"; };
		B694EF28F950D3315AFD2054 /* Pods_SakaiClientiOS.framework */ = {isa = PBXFileReference; explicitFileType = wrapper.framework; includeInIndex = 0; path = Pods_SakaiClientiOS.framework; sourceTree = BUILT_PRODUCTS_DIR; };
		DE0599F51DFD93B200D19D17 /* SakaiClientiOS.app */ = {isa = PBXFileReference; explicitFileType = wrapper.application; includeInIndex = 0; path = SakaiClientiOS.app; sourceTree = BUILT_PRODUCTS_DIR; };
		DE0599F81DFD93B200D19D17 /* AppDelegate.swift */ = {isa = PBXFileReference; lastKnownFileType = sourcecode.swift; path = AppDelegate.swift; sourceTree = "<group>"; };
		DE0599FA1DFD93B200D19D17 /* LoginViewController.swift */ = {isa = PBXFileReference; lastKnownFileType = sourcecode.swift; path = LoginViewController.swift; sourceTree = "<group>"; };
		DE0599FD1DFD93B200D19D17 /* Base */ = {isa = PBXFileReference; lastKnownFileType = file.storyboard; name = Base; path = Base.lproj/Main.storyboard; sourceTree = "<group>"; };
		DE0599FF1DFD93B200D19D17 /* Assets.xcassets */ = {isa = PBXFileReference; lastKnownFileType = folder.assetcatalog; path = Assets.xcassets; sourceTree = "<group>"; };
		DE059A021DFD93B200D19D17 /* Base */ = {isa = PBXFileReference; lastKnownFileType = file.storyboard; name = Base; path = Base.lproj/LaunchScreen.storyboard; sourceTree = "<group>"; };
		DE059A041DFD93B200D19D17 /* Info.plist */ = {isa = PBXFileReference; lastKnownFileType = text.plist.xml; path = Info.plist; sourceTree = "<group>"; };
/* End PBXFileReference section */

/* Begin PBXFrameworksBuildPhase section */
		DE0599F21DFD93B100D19D17 /* Frameworks */ = {
			isa = PBXFrameworksBuildPhase;
			buildActionMask = 2147483647;
			files = (
				AF412FE9DC8C8BBC41E42CFB /* Pods_SakaiClientiOS.framework in Frameworks */,
				517F378820E01AED00B21D5A /* LNPopupController.framework in Frameworks */,
			);
			runOnlyForDeploymentPostprocessing = 0;
		};
/* End PBXFrameworksBuildPhase section */

/* Begin PBXGroup section */
		2FAF2B4998C18CFABEFC9396 /* Pods */ = {
			isa = PBXGroup;
			children = (
				1336A3822B73F22079CD0E3F /* Pods-SakaiClientiOS.debug.xcconfig */,
				4DC2A7AA49263295ACC1E5D6 /* Pods-SakaiClientiOS.release.xcconfig */,
			);
			name = Pods;
			sourceTree = "<group>";
		};
		5113C12320927D19001929DA /* Assignment */ = {
			isa = PBXGroup;
			children = (
				511114A320CE08CB0077F872 /* AssignmentDataSource.swift */,
				5111149F20CDA9B70077F872 /* SiteAssignmentsDataSource.swift */,
				5113C13620928709001929DA /* AssignmentController.swift */,
				511114B420D74D570077F872 /* PagedAssignmentController.swift */,
				511114B620D752260077F872 /* AssignmentPageController.swift */,
				517F378B20E1BEA400B21D5A /* DateSortedAssignmentDataSource.swift */,
			);
			path = Assignment;
			sourceTree = "<group>";
		};
		5113C12420927D44001929DA /* Gradebook */ = {
			isa = PBXGroup;
			children = (
				51C2D15220C4463700E4C901 /* GradebookDataSource.swift */,
				5113C132209286D9001929DA /* GradebookController.swift */,
			);
			path = Gradebook;
			sourceTree = "<group>";
		};
		5113C12520927D51001929DA /* Settings */ = {
			isa = PBXGroup;
			children = (
				5113C12E209286B3001929DA /* SettingsController.swift */,
			);
			path = Settings;
			sourceTree = "<group>";
		};
		5113C12620927D5A001929DA /* Home */ = {
			isa = PBXGroup;
			children = (
				5113D57920C35D6500842469 /* SiteDataSource.swift */,
				511D7579208DAA9600371998 /* HomeController.swift */,
				51C4B7EB20A660FA00DD6696 /* ClassController.swift */,
			);
			path = Home;
			sourceTree = "<group>";
		};
		5113C12720927D6C001929DA /* Announcement */ = {
			isa = PBXGroup;
			children = (
				5113C12A20928658001929DA /* AnnouncementController.swift */,
				5103FDF520E7FDC4009F8BF4 /* AnnouncementDataSource.swift */,
				5193357120F2FC1D00469FD4 /* AnnouncementPageController.swift */,
			);
			path = Announcement;
			sourceTree = "<group>";
		};
		5113C13A209298FF001929DA /* Models */ = {
			isa = PBXGroup;
			children = (
				5113C13B2092BD74001929DA /* Site.swift */,
				514B623820952B89001A716C /* Parsing.swift */,
				518296D520A631CC00EAD645 /* Term.swift */,
				51C4B7E920A6555C00DD6696 /* SitePage.swift */,
				51C4B7F720A8CAC400DD6696 /* GradeItem.swift */,
				5111149920CD89D20077F872 /* Assignment.swift */,
				5103FDF720E862DD009F8BF4 /* Announcement.swift */,
			);
			path = Models;
			sourceTree = "<group>";
		};
		5113D57820C35D5600842469 /* BaseDataSource */ = {
			isa = PBXGroup;
			children = (
				51C2D15D20C4A84B00E4C901 /* DataSourceProtocols.swift */,
				51C2D15420C4471000E4C901 /* HideableTableDataSourceImplementation.swift */,
				5193356A20EEFC9C00469FD4 /* BaseTableDataSourceImplementation.swift */,
			);
			path = BaseDataSource;
			sourceTree = "<group>";
		};
		514B623A209569AF001A716C /* UIElements */ = {
			isa = PBXGroup;
			children = (
				514B623B209569FE001A716C /* TermHeader.swift */,
				5113C13D2092D8F1001929DA /* SiteCell.swift */,
				51C4B7EF20A7858D00DD6696 /* LoadingIndicator.swift */,
				51C4B7F320A8BBF800DD6696 /* GradebookCell.swift */,
				51C2D15B20C496F000E4C901 /* FloatingHeaderCell.swift */,
				5111149B20CD97110077F872 /* AssignmentTableCell.swift */,
				5111149D20CD972D0077F872 /* AssignmentCell.swift */,
				511114A120CDCABD0077F872 /* Layouts.swift */,
				511114A720D0C0D20077F872 /* InsetUILabel.swift */,
				511114B820D881450077F872 /* AssignmentPageView.swift */,
				511114BA20DB4B770077F872 /* DetailLabel.swift */,
				511114BC20DDF8DF0077F872 /* AssignmentDetailsView.swift */,
				5103FDF920E86676009F8BF4 /* AnnouncementCell.swift */,
				5193356F20F2FB3300469FD4 /* AnnouncementPageView.swift */,
			);
			path = UIElements;
			sourceTree = "<group>";
		};
		518CFCAA20B4E64500D5AE8F /* SitePages */ = {
			isa = PBXGroup;
			children = (
				5193356C20F2A6AD00469FD4 /* GradebookPage */,
				51C4B7F920A9247C00DD6696 /* DefaultController.swift */,
			);
			path = SitePages;
			sourceTree = "<group>";
		};
		5193356920ED6CF200469FD4 /* BaseController */ = {
			isa = PBXGroup;
			children = (
				51C2D14E20C394CD00E4C901 /* BaseHideableTableViewController.swift */,
				5193356720ED68E400469FD4 /* BaseTableViewController.swift */,
				5193357320F44FFE00469FD4 /* SearchDelegate.swift */,
			);
			path = BaseController;
			sourceTree = "<group>";
		};
		5193356C20F2A6AD00469FD4 /* GradebookPage */ = {
			isa = PBXGroup;
			children = (
				518CFCAB20B4E68200D5AE8F /* GradebookPageController.swift */,
				5193356D20F2A6CC00469FD4 /* GradebookPageDataSource.swift */,
			);
			path = GradebookPage;
			sourceTree = "<group>";
		};
		51C2D15A20C47FA000E4C901 /* Controllers */ = {
			isa = PBXGroup;
			children = (
				5193356920ED6CF200469FD4 /* BaseController */,
				5113D57820C35D5600842469 /* BaseDataSource */,
				518CFCAA20B4E64500D5AE8F /* SitePages */,
				5113C12320927D19001929DA /* Assignment */,
				5113C12420927D44001929DA /* Gradebook */,
				5113C12520927D51001929DA /* Settings */,
				5113C12620927D5A001929DA /* Home */,
				5113C12720927D6C001929DA /* Announcement */,
				DE0599FA1DFD93B200D19D17 /* LoginViewController.swift */,
				511114AB20D6CD440077F872 /* WebController.swift */,
			);
			path = Controllers;
			sourceTree = "<group>";
		};
		51E9DD9320C4A91900275103 /* Storyboards */ = {
			isa = PBXGroup;
			children = (
				5113C12C20928669001929DA /* AnnouncementView.storyboard */,
				5113C12820927F28001929DA /* HomeView.storyboard */,
				5113C130209286C2001929DA /* SettingsView.storyboard */,
				5113C134209286E8001929DA /* GradebookView.storyboard */,
				5113C13820928718001929DA /* AssignmentView.storyboard */,
				DE0599FC1DFD93B200D19D17 /* Main.storyboard */,
				DE059A011DFD93B200D19D17 /* LaunchScreen.storyboard */,
			);
			path = Storyboards;
			sourceTree = "<group>";
		};
		6A04DF0725D71CF9D407734A /* Frameworks */ = {
			isa = PBXGroup;
			children = (
				517F378420E019D900B21D5A /* LNPopupController.framework */,
				B694EF28F950D3315AFD2054 /* Pods_SakaiClientiOS.framework */,
			);
			name = Frameworks;
			sourceTree = "<group>";
		};
		DE0599EC1DFD93B100D19D17 = {
			isa = PBXGroup;
			children = (
				DE0599F71DFD93B200D19D17 /* SakaiClientiOS */,
				DE0599F61DFD93B200D19D17 /* Products */,
				2FAF2B4998C18CFABEFC9396 /* Pods */,
				6A04DF0725D71CF9D407734A /* Frameworks */,
			);
			sourceTree = "<group>";
		};
		DE0599F61DFD93B200D19D17 /* Products */ = {
			isa = PBXGroup;
			children = (
				DE0599F51DFD93B200D19D17 /* SakaiClientiOS.app */,
			);
			name = Products;
			sourceTree = "<group>";
		};
		DE0599F71DFD93B200D19D17 /* SakaiClientiOS */ = {
			isa = PBXGroup;
			children = (
				51E9DD9320C4A91900275103 /* Storyboards */,
				51C2D15A20C47FA000E4C901 /* Controllers */,
				514B623A209569AF001A716C /* UIElements */,
				5113C13A209298FF001929DA /* Models */,
				DE0599F81DFD93B200D19D17 /* AppDelegate.swift */,
				DE0599FF1DFD93B200D19D17 /* Assets.xcassets */,
				DE059A041DFD93B200D19D17 /* Info.plist */,
				5113C11F2090F7B7001929DA /* RequestManager.swift */,
				51C4B80520AD11F300DD6696 /* AppGlobals.swift */,
				51C6DA2120EB1CC1001BD954 /* DataHandler.swift */,
			);
			path = SakaiClientiOS;
			sourceTree = "<group>";
		};
/* End PBXGroup section */

/* Begin PBXNativeTarget section */
		DE0599F41DFD93B100D19D17 /* SakaiClientiOS */ = {
			isa = PBXNativeTarget;
			buildConfigurationList = DE059A071DFD93B200D19D17 /* Build configuration list for PBXNativeTarget "SakaiClientiOS" */;
			buildPhases = (
				4D1053EB7B6A570595CA4DBE /* [CP] Check Pods Manifest.lock */,
				DE0599F11DFD93B100D19D17 /* Sources */,
				DE0599F21DFD93B100D19D17 /* Frameworks */,
				DE0599F31DFD93B100D19D17 /* Resources */,
				EB5CEF4A985A44DC55E556E9 /* [CP] Embed Pods Frameworks */,
				517F378A20E01AED00B21D5A /* Embed Frameworks */,
			);
			buildRules = (
			);
			dependencies = (
			);
			name = SakaiClientiOS;
			productName = "web load";
			productReference = DE0599F51DFD93B200D19D17 /* SakaiClientiOS.app */;
			productType = "com.apple.product-type.application";
		};
/* End PBXNativeTarget section */

/* Begin PBXProject section */
		DE0599ED1DFD93B100D19D17 /* Project object */ = {
			isa = PBXProject;
			attributes = {
				LastSwiftUpdateCheck = 0810;
				LastUpgradeCheck = 0810;
				ORGANIZATIONNAME = "";
				TargetAttributes = {
					DE0599F41DFD93B100D19D17 = {
						CreatedOnToolsVersion = 8.1;
						ProvisioningStyle = Automatic;
					};
				};
			};
			buildConfigurationList = DE0599F01DFD93B100D19D17 /* Build configuration list for PBXProject "SakaiClientiOS" */;
			compatibilityVersion = "Xcode 9.3";
			developmentRegion = English;
			hasScannedForEncodings = 0;
			knownRegions = (
				en,
				Base,
			);
			mainGroup = DE0599EC1DFD93B100D19D17;
			productRefGroup = DE0599F61DFD93B200D19D17 /* Products */;
			projectDirPath = "";
			projectRoot = "";
			targets = (
				DE0599F41DFD93B100D19D17 /* SakaiClientiOS */,
			);
		};
/* End PBXProject section */

/* Begin PBXResourcesBuildPhase section */
		DE0599F31DFD93B100D19D17 /* Resources */ = {
			isa = PBXResourcesBuildPhase;
			buildActionMask = 2147483647;
			files = (
				DE059A031DFD93B200D19D17 /* LaunchScreen.storyboard in Resources */,
				5113C135209286E8001929DA /* GradebookView.storyboard in Resources */,
				5113C12D20928669001929DA /* AnnouncementView.storyboard in Resources */,
				DE059A001DFD93B200D19D17 /* Assets.xcassets in Resources */,
				5113C13920928718001929DA /* AssignmentView.storyboard in Resources */,
				5113C131209286C2001929DA /* SettingsView.storyboard in Resources */,
				5113C12920927F28001929DA /* HomeView.storyboard in Resources */,
				DE0599FE1DFD93B200D19D17 /* Main.storyboard in Resources */,
			);
			runOnlyForDeploymentPostprocessing = 0;
		};
/* End PBXResourcesBuildPhase section */

/* Begin PBXShellScriptBuildPhase section */
		4D1053EB7B6A570595CA4DBE /* [CP] Check Pods Manifest.lock */ = {
			isa = PBXShellScriptBuildPhase;
			buildActionMask = 2147483647;
			files = (
			);
			inputPaths = (
				"${PODS_PODFILE_DIR_PATH}/Podfile.lock",
				"${PODS_ROOT}/Manifest.lock",
			);
			name = "[CP] Check Pods Manifest.lock";
			outputPaths = (
				"$(DERIVED_FILE_DIR)/Pods-SakaiClientiOS-checkManifestLockResult.txt",
			);
			runOnlyForDeploymentPostprocessing = 0;
			shellPath = /bin/sh;
			shellScript = "diff \"${PODS_PODFILE_DIR_PATH}/Podfile.lock\" \"${PODS_ROOT}/Manifest.lock\" > /dev/null\nif [ $? != 0 ] ; then\n    # print error to STDERR\n    echo \"error: The sandbox is not in sync with the Podfile.lock. Run 'pod install' or update your CocoaPods installation.\" >&2\n    exit 1\nfi\n# This output is used by Xcode 'outputs' to avoid re-running this script phase.\necho \"SUCCESS\" > \"${SCRIPT_OUTPUT_FILE_0}\"\n";
			showEnvVarsInLog = 0;
		};
		EB5CEF4A985A44DC55E556E9 /* [CP] Embed Pods Frameworks */ = {
			isa = PBXShellScriptBuildPhase;
			buildActionMask = 2147483647;
			files = (
			);
			inputPaths = (
				"${SRCROOT}/Pods/Target Support Files/Pods-SakaiClientiOS/Pods-SakaiClientiOS-frameworks.sh",
				"${BUILT_PRODUCTS_DIR}/Alamofire/Alamofire.framework",
				"${BUILT_PRODUCTS_DIR}/SwiftyJSON/SwiftyJSON.framework",
			);
			name = "[CP] Embed Pods Frameworks";
			outputPaths = (
				"${TARGET_BUILD_DIR}/${FRAMEWORKS_FOLDER_PATH}/Alamofire.framework",
				"${TARGET_BUILD_DIR}/${FRAMEWORKS_FOLDER_PATH}/SwiftyJSON.framework",
			);
			runOnlyForDeploymentPostprocessing = 0;
			shellPath = /bin/sh;
			shellScript = "\"${SRCROOT}/Pods/Target Support Files/Pods-SakaiClientiOS/Pods-SakaiClientiOS-frameworks.sh\"\n";
			showEnvVarsInLog = 0;
		};
/* End PBXShellScriptBuildPhase section */

/* Begin PBXSourcesBuildPhase section */
		DE0599F11DFD93B100D19D17 /* Sources */ = {
			isa = PBXSourcesBuildPhase;
			buildActionMask = 2147483647;
			files = (
				5113C12B20928658001929DA /* AnnouncementController.swift in Sources */,
				51C4B7EC20A660FA00DD6696 /* ClassController.swift in Sources */,
				51C2D15E20C4A84B00E4C901 /* DataSourceProtocols.swift in Sources */,
				5103FDF620E7FDC4009F8BF4 /* AnnouncementDataSource.swift in Sources */,
				51C6DA2220EB1CC1001BD954 /* DataHandler.swift in Sources */,
				DE0599FB1DFD93B200D19D17 /* LoginViewController.swift in Sources */,
				511114B520D74D570077F872 /* PagedAssignmentController.swift in Sources */,
				511114B720D752260077F872 /* AssignmentPageController.swift in Sources */,
				5103FDF820E862DD009F8BF4 /* Announcement.swift in Sources */,
				5113C13E2092D8F1001929DA /* SiteCell.swift in Sources */,
				518296D620A631CC00EAD645 /* Term.swift in Sources */,
				5113C13720928709001929DA /* AssignmentController.swift in Sources */,
				51C2D15320C4463700E4C901 /* GradebookDataSource.swift in Sources */,
				511114A220CDCABD0077F872 /* Layouts.swift in Sources */,
				5193356E20F2A6CC00469FD4 /* GradebookPageDataSource.swift in Sources */,
				511114A820D0C0D20077F872 /* InsetUILabel.swift in Sources */,
				5193357220F2FC1D00469FD4 /* AnnouncementPageController.swift in Sources */,
				5113C1202090F7B7001929DA /* RequestManager.swift in Sources */,
				5113C13C2092BD74001929DA /* Site.swift in Sources */,
				5113C12F209286B3001929DA /* SettingsController.swift in Sources */,
				5113D57A20C35D6500842469 /* SiteDataSource.swift in Sources */,
				511114A420CE08CB0077F872 /* AssignmentDataSource.swift in Sources */,
				5193357420F44FFE00469FD4 /* SearchDelegate.swift in Sources */,
				514B623C209569FE001A716C /* TermHeader.swift in Sources */,
				51C4B80620AD11F300DD6696 /* AppGlobals.swift in Sources */,
				511114AC20D6CD440077F872 /* WebController.swift in Sources */,
				514B623920952B89001A716C /* Parsing.swift in Sources */,
				518CFCAC20B4E68200D5AE8F /* GradebookPageController.swift in Sources */,
				5113C133209286D9001929DA /* GradebookController.swift in Sources */,
				51C4B7F020A7858D00DD6696 /* LoadingIndicator.swift in Sources */,
				51C2D14F20C394CD00E4C901 /* BaseHideableTableViewController.swift in Sources */,
				511D757A208DAA9600371998 /* HomeController.swift in Sources */,
				517F378C20E1BEA400B21D5A /* DateSortedAssignmentDataSource.swift in Sources */,
				51C4B7F820A8CAC400DD6696 /* GradeItem.swift in Sources */,
				5111149E20CD972D0077F872 /* AssignmentCell.swift in Sources */,
				51C2D15520C4471000E4C901 /* HideableTableDataSourceImplementation.swift in Sources */,
				511114A020CDA9B70077F872 /* SiteAssignmentsDataSource.swift in Sources */,
				5193356820ED68E400469FD4 /* BaseTableViewController.swift in Sources */,
				511114B920D881450077F872 /* AssignmentPageView.swift in Sources */,
				5193357020F2FB3300469FD4 /* AnnouncementPageView.swift in Sources */,
				DE0599F91DFD93B200D19D17 /* AppDelegate.swift in Sources */,
				511114BD20DDF8DF0077F872 /* AssignmentDetailsView.swift in Sources */,
				51C4B7FA20A9247C00DD6696 /* DefaultController.swift in Sources */,
				51C2D15C20C496F000E4C901 /* FloatingHeaderCell.swift in Sources */,
				5193356B20EEFC9C00469FD4 /* BaseTableDataSourceImplementation.swift in Sources */,
				51C4B7F420A8BBF800DD6696 /* GradebookCell.swift in Sources */,
				5111149A20CD89D20077F872 /* Assignment.swift in Sources */,
				51C4B7EA20A6555C00DD6696 /* SitePage.swift in Sources */,
				511114BB20DB4B770077F872 /* DetailLabel.swift in Sources */,
				5103FDFA20E86676009F8BF4 /* AnnouncementCell.swift in Sources */,
				5111149C20CD97110077F872 /* AssignmentTableCell.swift in Sources */,
			);
			runOnlyForDeploymentPostprocessing = 0;
		};
/* End PBXSourcesBuildPhase section */

/* Begin PBXVariantGroup section */
		DE0599FC1DFD93B200D19D17 /* Main.storyboard */ = {
			isa = PBXVariantGroup;
			children = (
				DE0599FD1DFD93B200D19D17 /* Base */,
			);
			name = Main.storyboard;
			sourceTree = "<group>";
		};
		DE059A011DFD93B200D19D17 /* LaunchScreen.storyboard */ = {
			isa = PBXVariantGroup;
			children = (
				DE059A021DFD93B200D19D17 /* Base */,
			);
			name = LaunchScreen.storyboard;
			sourceTree = "<group>";
		};
/* End PBXVariantGroup section */

/* Begin XCBuildConfiguration section */
		DE059A051DFD93B200D19D17 /* Debug */ = {
			isa = XCBuildConfiguration;
			buildSettings = {
				ALWAYS_SEARCH_USER_PATHS = NO;
				CLANG_ANALYZER_NONNULL = YES;
				CLANG_CXX_LANGUAGE_STANDARD = "gnu++0x";
				CLANG_CXX_LIBRARY = "libc++";
				CLANG_ENABLE_MODULES = YES;
				CLANG_ENABLE_OBJC_ARC = YES;
				CLANG_WARN_BOOL_CONVERSION = YES;
				CLANG_WARN_CONSTANT_CONVERSION = YES;
				CLANG_WARN_DIRECT_OBJC_ISA_USAGE = YES_ERROR;
				CLANG_WARN_DOCUMENTATION_COMMENTS = YES;
				CLANG_WARN_EMPTY_BODY = YES;
				CLANG_WARN_ENUM_CONVERSION = YES;
				CLANG_WARN_INFINITE_RECURSION = YES;
				CLANG_WARN_INT_CONVERSION = YES;
				CLANG_WARN_OBJC_ROOT_CLASS = YES_ERROR;
				CLANG_WARN_SUSPICIOUS_MOVES = YES;
				CLANG_WARN_UNREACHABLE_CODE = YES;
				CLANG_WARN__DUPLICATE_METHOD_MATCH = YES;
				CODE_SIGN_IDENTITY = "";
				"CODE_SIGN_IDENTITY[sdk=*]" = "iPhone Developer";
				CODE_SIGN_STYLE = Automatic;
				COPY_PHASE_STRIP = NO;
				DEBUG_INFORMATION_FORMAT = dwarf;
				DEVELOPMENT_TEAM = JKXA55BNZW;
				ENABLE_STRICT_OBJC_MSGSEND = YES;
				ENABLE_TESTABILITY = YES;
				GCC_C_LANGUAGE_STANDARD = gnu99;
				GCC_DYNAMIC_NO_PIC = NO;
				GCC_NO_COMMON_BLOCKS = YES;
				GCC_OPTIMIZATION_LEVEL = 0;
				GCC_PREPROCESSOR_DEFINITIONS = (
					"DEBUG=1",
					"$(inherited)",
				);
				GCC_WARN_64_TO_32_BIT_CONVERSION = YES;
				GCC_WARN_ABOUT_RETURN_TYPE = YES_ERROR;
				GCC_WARN_UNDECLARED_SELECTOR = YES;
				GCC_WARN_UNINITIALIZED_AUTOS = YES_AGGRESSIVE;
				GCC_WARN_UNUSED_FUNCTION = YES;
				GCC_WARN_UNUSED_VARIABLE = YES;
				IPHONEOS_DEPLOYMENT_TARGET = 11.0;
				MTL_ENABLE_DEBUG_INFO = YES;
				ONLY_ACTIVE_ARCH = YES;
				SDKROOT = iphoneos;
				SWIFT_ACTIVE_COMPILATION_CONDITIONS = DEBUG;
				SWIFT_COMPILATION_MODE = singlefile;
				SWIFT_OPTIMIZATION_LEVEL = "-Onone";
			};
			name = Debug;
		};
		DE059A061DFD93B200D19D17 /* Release */ = {
			isa = XCBuildConfiguration;
			buildSettings = {
				ALWAYS_SEARCH_USER_PATHS = NO;
				CLANG_ANALYZER_NONNULL = YES;
				CLANG_CXX_LANGUAGE_STANDARD = "gnu++0x";
				CLANG_CXX_LIBRARY = "libc++";
				CLANG_ENABLE_MODULES = YES;
				CLANG_ENABLE_OBJC_ARC = YES;
				CLANG_WARN_BOOL_CONVERSION = YES;
				CLANG_WARN_CONSTANT_CONVERSION = YES;
				CLANG_WARN_DIRECT_OBJC_ISA_USAGE = YES_ERROR;
				CLANG_WARN_DOCUMENTATION_COMMENTS = YES;
				CLANG_WARN_EMPTY_BODY = YES;
				CLANG_WARN_ENUM_CONVERSION = YES;
				CLANG_WARN_INFINITE_RECURSION = YES;
				CLANG_WARN_INT_CONVERSION = YES;
				CLANG_WARN_OBJC_ROOT_CLASS = YES_ERROR;
				CLANG_WARN_SUSPICIOUS_MOVES = YES;
				CLANG_WARN_UNREACHABLE_CODE = YES;
				CLANG_WARN__DUPLICATE_METHOD_MATCH = YES;
				"CODE_SIGN_IDENTITY[sdk=iphoneos*]" = "iPhone Developer";
				CODE_SIGN_STYLE = Automatic;
				COPY_PHASE_STRIP = NO;
				DEBUG_INFORMATION_FORMAT = "dwarf-with-dsym";
				DEVELOPMENT_TEAM = JKXA55BNZW;
				ENABLE_NS_ASSERTIONS = NO;
				ENABLE_STRICT_OBJC_MSGSEND = YES;
				GCC_C_LANGUAGE_STANDARD = gnu99;
				GCC_NO_COMMON_BLOCKS = YES;
				GCC_WARN_64_TO_32_BIT_CONVERSION = YES;
				GCC_WARN_ABOUT_RETURN_TYPE = YES_ERROR;
				GCC_WARN_UNDECLARED_SELECTOR = YES;
				GCC_WARN_UNINITIALIZED_AUTOS = YES_AGGRESSIVE;
				GCC_WARN_UNUSED_FUNCTION = YES;
				GCC_WARN_UNUSED_VARIABLE = YES;
				IPHONEOS_DEPLOYMENT_TARGET = 11.0;
				MTL_ENABLE_DEBUG_INFO = NO;
				SDKROOT = iphoneos;
				SWIFT_COMPILATION_MODE = wholemodule;
				SWIFT_OPTIMIZATION_LEVEL = "-O";
				VALIDATE_PRODUCT = YES;
			};
			name = Release;
		};
		DE059A081DFD93B200D19D17 /* Debug */ = {
			isa = XCBuildConfiguration;
			baseConfigurationReference = 1336A3822B73F22079CD0E3F /* Pods-SakaiClientiOS.debug.xcconfig */;
			buildSettings = {
				ASSETCATALOG_COMPILER_APPICON_NAME = AppIcon;
				CODE_SIGN_IDENTITY = "iPhone Developer";
				DEVELOPMENT_TEAM = B9QTN8GJXZ;
				INFOPLIST_FILE = "$(SRCROOT)/SakaiClientiOS/Info.plist";
				IPHONEOS_DEPLOYMENT_TARGET = 11.0;
				LD_RUNPATH_SEARCH_PATHS = (
					"$(inherited)",
					"@executable_path/Frameworks",
				);
				PRODUCT_BUNDLE_IDENTIFIER = "com.PRN.sakai-client";
				PRODUCT_NAME = "$(TARGET_NAME)";
				SDKROOT = iphoneos11.3;
				SWIFT_VERSION = 4.0;
			};
			name = Debug;
		};
		DE059A091DFD93B200D19D17 /* Release */ = {
			isa = XCBuildConfiguration;
			baseConfigurationReference = 4DC2A7AA49263295ACC1E5D6 /* Pods-SakaiClientiOS.release.xcconfig */;
			buildSettings = {
				ASSETCATALOG_COMPILER_APPICON_NAME = AppIcon;
				CODE_SIGN_IDENTITY = "iPhone Developer";
				DEVELOPMENT_TEAM = B9QTN8GJXZ;
				INFOPLIST_FILE = "$(SRCROOT)/SakaiClientiOS/Info.plist";
				IPHONEOS_DEPLOYMENT_TARGET = 11.0;
				LD_RUNPATH_SEARCH_PATHS = (
					"$(inherited)",
					"@executable_path/Frameworks",
				);
				PRODUCT_BUNDLE_IDENTIFIER = "com.PRN.sakai-client";
				PRODUCT_NAME = "$(TARGET_NAME)";
				SDKROOT = iphoneos11.3;
				SWIFT_VERSION = 4.0;
			};
			name = Release;
		};
/* End XCBuildConfiguration section */

/* Begin XCConfigurationList section */
		DE0599F01DFD93B100D19D17 /* Build configuration list for PBXProject "SakaiClientiOS" */ = {
			isa = XCConfigurationList;
			buildConfigurations = (
				DE059A051DFD93B200D19D17 /* Debug */,
				DE059A061DFD93B200D19D17 /* Release */,
			);
			defaultConfigurationIsVisible = 0;
			defaultConfigurationName = Release;
		};
		DE059A071DFD93B200D19D17 /* Build configuration list for PBXNativeTarget "SakaiClientiOS" */ = {
			isa = XCConfigurationList;
			buildConfigurations = (
				DE059A081DFD93B200D19D17 /* Debug */,
				DE059A091DFD93B200D19D17 /* Release */,
			);
			defaultConfigurationIsVisible = 0;
			defaultConfigurationName = Release;
		};
/* End XCConfigurationList section */
	};
	rootObject = DE0599ED1DFD93B100D19D17 /* Project object */;
}
