// !$*UTF8*$!
{
	archiveVersion = 1;
	classes = {
	};
	objectVersion = 50;
	objects = {

/* Begin PBXBuildFile section */
		5103FDF820E862DD009F8BF4 /* Announcement.swift in Sources */ = {isa = PBXBuildFile; fileRef = 5103FDF720E862DD009F8BF4 /* Announcement.swift */; };
		5103FDFA20E86676009F8BF4 /* AnnouncementCell.swift in Sources */ = {isa = PBXBuildFile; fileRef = 5103FDF920E86676009F8BF4 /* AnnouncementCell.swift */; };
		5111149A20CD89D20077F872 /* Assignment.swift in Sources */ = {isa = PBXBuildFile; fileRef = 5111149920CD89D20077F872 /* Assignment.swift */; };
		5111149C20CD97110077F872 /* AssignmentTableCell.swift in Sources */ = {isa = PBXBuildFile; fileRef = 5111149B20CD97110077F872 /* AssignmentTableCell.swift */; };
		5111149E20CD972D0077F872 /* AssignmentCell.swift in Sources */ = {isa = PBXBuildFile; fileRef = 5111149D20CD972D0077F872 /* AssignmentCell.swift */; };
		511114A220CDCABD0077F872 /* Layouts.swift in Sources */ = {isa = PBXBuildFile; fileRef = 511114A120CDCABD0077F872 /* Layouts.swift */; };
		511114A820D0C0D20077F872 /* InsetUILabel.swift in Sources */ = {isa = PBXBuildFile; fileRef = 511114A720D0C0D20077F872 /* InsetUILabel.swift */; };
		511114AC20D6CD440077F872 /* WebController.swift in Sources */ = {isa = PBXBuildFile; fileRef = 511114AB20D6CD440077F872 /* WebController.swift */; };
		511114B520D74D570077F872 /* PagesController.swift in Sources */ = {isa = PBXBuildFile; fileRef = 511114B420D74D570077F872 /* PagesController.swift */; };
		511114B720D752260077F872 /* AssignmentPageController.swift in Sources */ = {isa = PBXBuildFile; fileRef = 511114B620D752260077F872 /* AssignmentPageController.swift */; };
		511114B920D881450077F872 /* AssignmentPageView.swift in Sources */ = {isa = PBXBuildFile; fileRef = 511114B820D881450077F872 /* AssignmentPageView.swift */; };
		511114BB20DB4B770077F872 /* DetailLabel.swift in Sources */ = {isa = PBXBuildFile; fileRef = 511114BA20DB4B770077F872 /* DetailLabel.swift */; };
		511114BD20DDF8DF0077F872 /* AssignmentDetailsView.swift in Sources */ = {isa = PBXBuildFile; fileRef = 511114BC20DDF8DF0077F872 /* AssignmentDetailsView.swift */; };
		5113C1202090F7B7001929DA /* RequestManager.swift in Sources */ = {isa = PBXBuildFile; fileRef = 5113C11F2090F7B7001929DA /* RequestManager.swift */; };
		5113C12920927F28001929DA /* HomeView.storyboard in Resources */ = {isa = PBXBuildFile; fileRef = 5113C12820927F28001929DA /* HomeView.storyboard */; };
		5113C12B20928658001929DA /* AnnouncementController.swift in Sources */ = {isa = PBXBuildFile; fileRef = 5113C12A20928658001929DA /* AnnouncementController.swift */; };
		5113C12D20928669001929DA /* AnnouncementView.storyboard in Resources */ = {isa = PBXBuildFile; fileRef = 5113C12C20928669001929DA /* AnnouncementView.storyboard */; };
		5113C12F209286B3001929DA /* SettingsController.swift in Sources */ = {isa = PBXBuildFile; fileRef = 5113C12E209286B3001929DA /* SettingsController.swift */; };
		5113C131209286C2001929DA /* SettingsView.storyboard in Resources */ = {isa = PBXBuildFile; fileRef = 5113C130209286C2001929DA /* SettingsView.storyboard */; };
		5113C133209286D9001929DA /* GradebookController.swift in Sources */ = {isa = PBXBuildFile; fileRef = 5113C132209286D9001929DA /* GradebookController.swift */; };
		5113C135209286E8001929DA /* GradebookView.storyboard in Resources */ = {isa = PBXBuildFile; fileRef = 5113C134209286E8001929DA /* GradebookView.storyboard */; };
		5113C13720928709001929DA /* AssignmentController.swift in Sources */ = {isa = PBXBuildFile; fileRef = 5113C13620928709001929DA /* AssignmentController.swift */; };
		5113C13920928718001929DA /* AssignmentView.storyboard in Resources */ = {isa = PBXBuildFile; fileRef = 5113C13820928718001929DA /* AssignmentView.storyboard */; };
		5113C13C2092BD74001929DA /* Site.swift in Sources */ = {isa = PBXBuildFile; fileRef = 5113C13B2092BD74001929DA /* Site.swift */; };
		5113C13E2092D8F1001929DA /* SiteCell.swift in Sources */ = {isa = PBXBuildFile; fileRef = 5113C13D2092D8F1001929DA /* SiteCell.swift */; };
		511D757A208DAA9600371998 /* HomeController.swift in Sources */ = {isa = PBXBuildFile; fileRef = 511D7579208DAA9600371998 /* HomeController.swift */; };
		514B623920952B89001A716C /* Parsing.swift in Sources */ = {isa = PBXBuildFile; fileRef = 514B623820952B89001A716C /* Parsing.swift */; };
		514B623C209569FE001A716C /* TermHeader.swift in Sources */ = {isa = PBXBuildFile; fileRef = 514B623B209569FE001A716C /* TermHeader.swift */; };
		517F378820E01AED00B21D5A /* LNPopupController.framework in Frameworks */ = {isa = PBXBuildFile; fileRef = 517F378420E019D900B21D5A /* LNPopupController.framework */; };
		517F378920E01AED00B21D5A /* LNPopupController.framework in Embed Frameworks */ = {isa = PBXBuildFile; fileRef = 517F378420E019D900B21D5A /* LNPopupController.framework */; settings = {ATTRIBUTES = (CodeSignOnCopy, RemoveHeadersOnCopy, ); }; };
		518296D620A631CC00EAD645 /* Term.swift in Sources */ = {isa = PBXBuildFile; fileRef = 518296D520A631CC00EAD645 /* Term.swift */; };
		518903A12106BAE500C551AE /* HideableNetworkSource.swift in Sources */ = {isa = PBXBuildFile; fileRef = 518903A02106BAE500C551AE /* HideableNetworkSource.swift */; };
		518903A52106C35900C551AE /* HideableNetworkDataProvider.swift in Sources */ = {isa = PBXBuildFile; fileRef = 518903A42106C35900C551AE /* HideableNetworkDataProvider.swift */; };
		518903A72106C67E00C551AE /* HideableNetworkController.swift in Sources */ = {isa = PBXBuildFile; fileRef = 518903A62106C67E00C551AE /* HideableNetworkController.swift */; };
		518903AA210814B900C551AE /* SiteAssignmentCollectionDataSourceDelegate.swift in Sources */ = {isa = PBXBuildFile; fileRef = 518903A9210814B900C551AE /* SiteAssignmentCollectionDataSourceDelegate.swift */; };
		518903AC2108151C00C551AE /* AssignmentCollectionDataSourceDelegate.swift in Sources */ = {isa = PBXBuildFile; fileRef = 518903AB2108151C00C551AE /* AssignmentCollectionDataSourceDelegate.swift */; };
		518903AE2108154E00C551AE /* SiteAssignmentDataFetcher.swift in Sources */ = {isa = PBXBuildFile; fileRef = 518903AD2108154E00C551AE /* SiteAssignmentDataFetcher.swift */; };
		518903B021081ABF00C551AE /* SitePageController.swift in Sources */ = {isa = PBXBuildFile; fileRef = 518903AF21081ABF00C551AE /* SitePageController.swift */; };
		518903B221092E5600C551AE /* SakaiService.swift in Sources */ = {isa = PBXBuildFile; fileRef = 518903B121092E5500C551AE /* SakaiService.swift */; };
		518CFCAC20B4E68200D5AE8F /* SiteGradebookController.swift in Sources */ = {isa = PBXBuildFile; fileRef = 518CFCAB20B4E68200D5AE8F /* SiteGradebookController.swift */; };
		5193357020F2FB3300469FD4 /* AnnouncementPageView.swift in Sources */ = {isa = PBXBuildFile; fileRef = 5193356F20F2FB3300469FD4 /* AnnouncementPageView.swift */; };
		5193357220F2FC1D00469FD4 /* AnnouncementPageController.swift in Sources */ = {isa = PBXBuildFile; fileRef = 5193357120F2FC1D00469FD4 /* AnnouncementPageController.swift */; };
		5193357420F44FFE00469FD4 /* SearchableController.swift in Sources */ = {isa = PBXBuildFile; fileRef = 5193357320F44FFE00469FD4 /* SearchableController.swift */; };
		51A472D120F99FA600CC95F0 /* DataFetcher.swift in Sources */ = {isa = PBXBuildFile; fileRef = 51A472D020F99FA600CC95F0 /* DataFetcher.swift */; };
		51A472D520F9A30700CC95F0 /* LoadingIndicator.swift in Sources */ = {isa = PBXBuildFile; fileRef = 51A472D420F9A30700CC95F0 /* LoadingIndicator.swift */; };
		51A472D920F9A97D00CC95F0 /* NetworkController.swift in Sources */ = {isa = PBXBuildFile; fileRef = 51A472D820F9A97D00CC95F0 /* NetworkController.swift */; };
		51A472DC20F9C13000CC95F0 /* AssignmentTableDataProvider.swift in Sources */ = {isa = PBXBuildFile; fileRef = 51A472DB20F9C13000CC95F0 /* AssignmentTableDataProvider.swift */; };
		51A472E020F9C15700CC95F0 /* AssignmentDataFetcher.swift in Sources */ = {isa = PBXBuildFile; fileRef = 51A472DF20F9C15700CC95F0 /* AssignmentDataFetcher.swift */; };
		51A4731120F9CA3E00CC95F0 /* ReusableSource.framework in Frameworks */ = {isa = PBXBuildFile; fileRef = 51A472E120F9C59E00CC95F0 /* ReusableSource.framework */; };
		51A4731220F9CA3E00CC95F0 /* ReusableSource.framework in Embed Frameworks */ = {isa = PBXBuildFile; fileRef = 51A472E120F9C59E00CC95F0 /* ReusableSource.framework */; settings = {ATTRIBUTES = (CodeSignOnCopy, RemoveHeadersOnCopy, ); }; };
		51A4731420FA7F4500CC95F0 /* NetworkSource.swift in Sources */ = {isa = PBXBuildFile; fileRef = 51A4731320FA7F4500CC95F0 /* NetworkSource.swift */; };
		51C2D15C20C496F000E4C901 /* FloatingHeaderCell.swift in Sources */ = {isa = PBXBuildFile; fileRef = 51C2D15B20C496F000E4C901 /* FloatingHeaderCell.swift */; };
		51C4B7EA20A6555C00DD6696 /* SitePage.swift in Sources */ = {isa = PBXBuildFile; fileRef = 51C4B7E920A6555C00DD6696 /* SitePage.swift */; };
		51C4B7EC20A660FA00DD6696 /* ClassController.swift in Sources */ = {isa = PBXBuildFile; fileRef = 51C4B7EB20A660FA00DD6696 /* ClassController.swift */; };
		51C4B7F420A8BBF800DD6696 /* GradebookCell.swift in Sources */ = {isa = PBXBuildFile; fileRef = 51C4B7F320A8BBF800DD6696 /* GradebookCell.swift */; };
		51C4B7F820A8CAC400DD6696 /* GradeItem.swift in Sources */ = {isa = PBXBuildFile; fileRef = 51C4B7F720A8CAC400DD6696 /* GradeItem.swift */; };
		51C4B7FA20A9247C00DD6696 /* DefaultController.swift in Sources */ = {isa = PBXBuildFile; fileRef = 51C4B7F920A9247C00DD6696 /* DefaultController.swift */; };
		51C4B80620AD11F300DD6696 /* AppGlobals.swift in Sources */ = {isa = PBXBuildFile; fileRef = 51C4B80520AD11F300DD6696 /* AppGlobals.swift */; };
		51C9790C20F6FD2600191DD6 /* HideableDataProvider.swift in Sources */ = {isa = PBXBuildFile; fileRef = 51C9790B20F6FD2600191DD6 /* HideableDataProvider.swift */; };
		51C9791220F708B200191DD6 /* SiteDataFetcher.swift in Sources */ = {isa = PBXBuildFile; fileRef = 51C9791120F708B200191DD6 /* SiteDataFetcher.swift */; };
		51C9791520F81A3E00191DD6 /* GradebookDataProvider.swift in Sources */ = {isa = PBXBuildFile; fileRef = 51C9791420F81A3E00191DD6 /* GradebookDataProvider.swift */; };
		51C9791720F82C0E00191DD6 /* SiteDataProvider.swift in Sources */ = {isa = PBXBuildFile; fileRef = 51C9791620F82C0E00191DD6 /* SiteDataProvider.swift */; };
		51C9791920F83D3300191DD6 /* GradebookDataFetcher.swift in Sources */ = {isa = PBXBuildFile; fileRef = 51C9791820F83D3300191DD6 /* GradebookDataFetcher.swift */; };
		51DEE53020FC250A008E709D /* AnnouncementDataProvider.swift in Sources */ = {isa = PBXBuildFile; fileRef = 51DEE52F20FC250A008E709D /* AnnouncementDataProvider.swift */; };
		51DEE53220FC2639008E709D /* AnnouncementDataFetcher.swift in Sources */ = {isa = PBXBuildFile; fileRef = 51DEE53120FC2639008E709D /* AnnouncementDataFetcher.swift */; };
		51DEE53620FC3D76008E709D /* SearchableDataSource.swift in Sources */ = {isa = PBXBuildFile; fileRef = 51DEE53520FC3D76008E709D /* SearchableDataSource.swift */; };
		51DEE53C20FEFAF2008E709D /* AssignmentTableDataSourceDelegate.swift in Sources */ = {isa = PBXBuildFile; fileRef = 51DEE53B20FEFAF2008E709D /* AssignmentTableDataSourceDelegate.swift */; };
		51DEE53E20FEFB19008E709D /* GradebookTableDataSourceDelegate.swift in Sources */ = {isa = PBXBuildFile; fileRef = 51DEE53D20FEFB19008E709D /* GradebookTableDataSourceDelegate.swift */; };
		51DEE54020FEFB41008E709D /* SiteTableDataSourceDelegate.swift in Sources */ = {isa = PBXBuildFile; fileRef = 51DEE53F20FEFB41008E709D /* SiteTableDataSourceDelegate.swift */; };
		51DEE54220FEFB68008E709D /* AnnouncementTableDataSourceDelegate.swift in Sources */ = {isa = PBXBuildFile; fileRef = 51DEE54120FEFB67008E709D /* AnnouncementTableDataSourceDelegate.swift */; };
		51DEE549210032AC008E709D /* HideableNetworkTableDataSourceDelegate.swift in Sources */ = {isa = PBXBuildFile; fileRef = 51DEE548210032AB008E709D /* HideableNetworkTableDataSourceDelegate.swift */; };
		51DEE550210041A5008E709D /* SiteGradebookTableDataSource.swift in Sources */ = {isa = PBXBuildFile; fileRef = 51DEE54E210041A4008E709D /* SiteGradebookTableDataSource.swift */; };
		51DEE551210041A5008E709D /* SiteGradebookDataFetcher.swift in Sources */ = {isa = PBXBuildFile; fileRef = 51DEE54F210041A4008E709D /* SiteGradebookDataFetcher.swift */; };
		51DEE55B21016B0D008E709D /* TappableTextView.swift in Sources */ = {isa = PBXBuildFile; fileRef = 51DEE55A21016B0D008E709D /* TappableTextView.swift */; };
		51DEE55E21017CB8008E709D /* SiteAnnouncementController.swift in Sources */ = {isa = PBXBuildFile; fileRef = 51DEE55D21017CB8008E709D /* SiteAnnouncementController.swift */; };
		51DEE5692103D41F008E709D /* SiteAssignmentController.swift in Sources */ = {isa = PBXBuildFile; fileRef = 51DEE5682103D41F008E709D /* SiteAssignmentController.swift */; };
		51DEE56B21051631008E709D /* HideableDataFetcher.swift in Sources */ = {isa = PBXBuildFile; fileRef = 51DEE56A21051631008E709D /* HideableDataFetcher.swift */; };
		51DEE56D210527BC008E709D /* HideableTableDataSourceDelegate.swift in Sources */ = {isa = PBXBuildFile; fileRef = 51DEE56C210527BC008E709D /* HideableTableDataSourceDelegate.swift */; };
		AF412FE9DC8C8BBC41E42CFB /* Pods_SakaiClientiOS.framework in Frameworks */ = {isa = PBXBuildFile; fileRef = B694EF28F950D3315AFD2054 /* Pods_SakaiClientiOS.framework */; };
		DE0599F91DFD93B200D19D17 /* AppDelegate.swift in Sources */ = {isa = PBXBuildFile; fileRef = DE0599F81DFD93B200D19D17 /* AppDelegate.swift */; };
		DE0599FB1DFD93B200D19D17 /* LoginViewController.swift in Sources */ = {isa = PBXBuildFile; fileRef = DE0599FA1DFD93B200D19D17 /* LoginViewController.swift */; };
		DE0599FE1DFD93B200D19D17 /* Main.storyboard in Resources */ = {isa = PBXBuildFile; fileRef = DE0599FC1DFD93B200D19D17 /* Main.storyboard */; };
		DE059A001DFD93B200D19D17 /* Assets.xcassets in Resources */ = {isa = PBXBuildFile; fileRef = DE0599FF1DFD93B200D19D17 /* Assets.xcassets */; };
		DE059A031DFD93B200D19D17 /* LaunchScreen.storyboard in Resources */ = {isa = PBXBuildFile; fileRef = DE059A011DFD93B200D19D17 /* LaunchScreen.storyboard */; };
/* End PBXBuildFile section */

/* Begin PBXContainerItemProxy section */
		51C9794920F9951500191DD6 /* PBXContainerItemProxy */ = {
			isa = PBXContainerItemProxy;
			containerPortal = 51C9794520F9951500191DD6 /* ReusableDataSource.xcodeproj */;
			proxyType = 2;
			remoteGlobalIDString = 51C9792A20F9934C00191DD6;
			remoteInfo = ReusableDataSource;
		};
/* End PBXContainerItemProxy section */

/* Begin PBXCopyFilesBuildPhase section */
		517F378A20E01AED00B21D5A /* Embed Frameworks */ = {
			isa = PBXCopyFilesBuildPhase;
			buildActionMask = 2147483647;
			dstPath = "";
			dstSubfolderSpec = 10;
			files = (
				51A4731220F9CA3E00CC95F0 /* ReusableSource.framework in Embed Frameworks */,
				517F378920E01AED00B21D5A /* LNPopupController.framework in Embed Frameworks */,
			);
			name = "Embed Frameworks";
			runOnlyForDeploymentPostprocessing = 0;
		};
/* End PBXCopyFilesBuildPhase section */

/* Begin PBXFileReference section */
		1336A3822B73F22079CD0E3F /* Pods-SakaiClientiOS.debug.xcconfig */ = {isa = PBXFileReference; includeInIndex = 1; lastKnownFileType = text.xcconfig; name = "Pods-SakaiClientiOS.debug.xcconfig"; path = "Pods/Target Support Files/Pods-SakaiClientiOS/Pods-SakaiClientiOS.debug.xcconfig"; sourceTree = "<group>"; };
		4DC2A7AA49263295ACC1E5D6 /* Pods-SakaiClientiOS.release.xcconfig */ = {isa = PBXFileReference; includeInIndex = 1; lastKnownFileType = text.xcconfig; name = "Pods-SakaiClientiOS.release.xcconfig"; path = "Pods/Target Support Files/Pods-SakaiClientiOS/Pods-SakaiClientiOS.release.xcconfig"; sourceTree = "<group>"; };
		5103FDF720E862DD009F8BF4 /* Announcement.swift */ = {isa = PBXFileReference; lastKnownFileType = sourcecode.swift; path = Announcement.swift; sourceTree = "<group>"; };
		5103FDF920E86676009F8BF4 /* AnnouncementCell.swift */ = {isa = PBXFileReference; lastKnownFileType = sourcecode.swift; path = AnnouncementCell.swift; sourceTree = "<group>"; };
		5111149920CD89D20077F872 /* Assignment.swift */ = {isa = PBXFileReference; lastKnownFileType = sourcecode.swift; path = Assignment.swift; sourceTree = "<group>"; };
		5111149B20CD97110077F872 /* AssignmentTableCell.swift */ = {isa = PBXFileReference; lastKnownFileType = sourcecode.swift; path = AssignmentTableCell.swift; sourceTree = "<group>"; };
		5111149D20CD972D0077F872 /* AssignmentCell.swift */ = {isa = PBXFileReference; lastKnownFileType = sourcecode.swift; path = AssignmentCell.swift; sourceTree = "<group>"; };
		511114A120CDCABD0077F872 /* Layouts.swift */ = {isa = PBXFileReference; lastKnownFileType = sourcecode.swift; path = Layouts.swift; sourceTree = "<group>"; };
		511114A720D0C0D20077F872 /* InsetUILabel.swift */ = {isa = PBXFileReference; lastKnownFileType = sourcecode.swift; path = InsetUILabel.swift; sourceTree = "<group>"; };
		511114AB20D6CD440077F872 /* WebController.swift */ = {isa = PBXFileReference; lastKnownFileType = sourcecode.swift; path = WebController.swift; sourceTree = "<group>"; };
		511114B420D74D570077F872 /* PagesController.swift */ = {isa = PBXFileReference; lastKnownFileType = sourcecode.swift; path = PagesController.swift; sourceTree = "<group>"; };
		511114B620D752260077F872 /* AssignmentPageController.swift */ = {isa = PBXFileReference; lastKnownFileType = sourcecode.swift; path = AssignmentPageController.swift; sourceTree = "<group>"; };
		511114B820D881450077F872 /* AssignmentPageView.swift */ = {isa = PBXFileReference; lastKnownFileType = sourcecode.swift; path = AssignmentPageView.swift; sourceTree = "<group>"; };
		511114BA20DB4B770077F872 /* DetailLabel.swift */ = {isa = PBXFileReference; lastKnownFileType = sourcecode.swift; path = DetailLabel.swift; sourceTree = "<group>"; };
		511114BC20DDF8DF0077F872 /* AssignmentDetailsView.swift */ = {isa = PBXFileReference; lastKnownFileType = sourcecode.swift; path = AssignmentDetailsView.swift; sourceTree = "<group>"; };
		5113C11F2090F7B7001929DA /* RequestManager.swift */ = {isa = PBXFileReference; lastKnownFileType = sourcecode.swift; path = RequestManager.swift; sourceTree = "<group>"; };
		5113C12820927F28001929DA /* HomeView.storyboard */ = {isa = PBXFileReference; lastKnownFileType = file.storyboard; path = HomeView.storyboard; sourceTree = "<group>"; };
		5113C12A20928658001929DA /* AnnouncementController.swift */ = {isa = PBXFileReference; lastKnownFileType = sourcecode.swift; path = AnnouncementController.swift; sourceTree = "<group>"; };
		5113C12C20928669001929DA /* AnnouncementView.storyboard */ = {isa = PBXFileReference; lastKnownFileType = file.storyboard; path = AnnouncementView.storyboard; sourceTree = "<group>"; };
		5113C12E209286B3001929DA /* SettingsController.swift */ = {isa = PBXFileReference; lastKnownFileType = sourcecode.swift; path = SettingsController.swift; sourceTree = "<group>"; };
		5113C130209286C2001929DA /* SettingsView.storyboard */ = {isa = PBXFileReference; lastKnownFileType = file.storyboard; path = SettingsView.storyboard; sourceTree = "<group>"; };
		5113C132209286D9001929DA /* GradebookController.swift */ = {isa = PBXFileReference; lastKnownFileType = sourcecode.swift; path = GradebookController.swift; sourceTree = "<group>"; };
		5113C134209286E8001929DA /* GradebookView.storyboard */ = {isa = PBXFileReference; lastKnownFileType = file.storyboard; path = GradebookView.storyboard; sourceTree = "<group>"; };
		5113C13620928709001929DA /* AssignmentController.swift */ = {isa = PBXFileReference; lastKnownFileType = sourcecode.swift; path = AssignmentController.swift; sourceTree = "<group>"; };
		5113C13820928718001929DA /* AssignmentView.storyboard */ = {isa = PBXFileReference; lastKnownFileType = file.storyboard; path = AssignmentView.storyboard; sourceTree = "<group>"; };
		5113C13B2092BD74001929DA /* Site.swift */ = {isa = PBXFileReference; lastKnownFileType = sourcecode.swift; path = Site.swift; sourceTree = "<group>"; };
		5113C13D2092D8F1001929DA /* SiteCell.swift */ = {isa = PBXFileReference; lastKnownFileType = sourcecode.swift; path = SiteCell.swift; sourceTree = "<group>"; };
		511D7579208DAA9600371998 /* HomeController.swift */ = {isa = PBXFileReference; lastKnownFileType = sourcecode.swift; path = HomeController.swift; sourceTree = "<group>"; };
		514B623820952B89001A716C /* Parsing.swift */ = {isa = PBXFileReference; lastKnownFileType = sourcecode.swift; path = Parsing.swift; sourceTree = "<group>"; };
		514B623B209569FE001A716C /* TermHeader.swift */ = {isa = PBXFileReference; lastKnownFileType = sourcecode.swift; path = TermHeader.swift; sourceTree = "<group>"; };
		517F378420E019D900B21D5A /* LNPopupController.framework */ = {isa = PBXFileReference; explicitFileType = wrapper.framework; path = LNPopupController.framework; sourceTree = BUILT_PRODUCTS_DIR; };
		518296D520A631CC00EAD645 /* Term.swift */ = {isa = PBXFileReference; lastKnownFileType = sourcecode.swift; path = Term.swift; sourceTree = "<group>"; };
		518903A02106BAE500C551AE /* HideableNetworkSource.swift */ = {isa = PBXFileReference; lastKnownFileType = sourcecode.swift; path = HideableNetworkSource.swift; sourceTree = "<group>"; };
		518903A42106C35900C551AE /* HideableNetworkDataProvider.swift */ = {isa = PBXFileReference; lastKnownFileType = sourcecode.swift; path = HideableNetworkDataProvider.swift; sourceTree = "<group>"; };
		518903A62106C67E00C551AE /* HideableNetworkController.swift */ = {isa = PBXFileReference; lastKnownFileType = sourcecode.swift; path = HideableNetworkController.swift; sourceTree = "<group>"; };
		518903A9210814B900C551AE /* SiteAssignmentCollectionDataSourceDelegate.swift */ = {isa = PBXFileReference; lastKnownFileType = sourcecode.swift; path = SiteAssignmentCollectionDataSourceDelegate.swift; sourceTree = "<group>"; };
		518903AB2108151C00C551AE /* AssignmentCollectionDataSourceDelegate.swift */ = {isa = PBXFileReference; fileEncoding = 4; lastKnownFileType = sourcecode.swift; path = AssignmentCollectionDataSourceDelegate.swift; sourceTree = "<group>"; };
		518903AD2108154E00C551AE /* SiteAssignmentDataFetcher.swift */ = {isa = PBXFileReference; lastKnownFileType = sourcecode.swift; path = SiteAssignmentDataFetcher.swift; sourceTree = "<group>"; };
		518903AF21081ABF00C551AE /* SitePageController.swift */ = {isa = PBXFileReference; lastKnownFileType = sourcecode.swift; path = SitePageController.swift; sourceTree = "<group>"; };
		518903B121092E5500C551AE /* SakaiService.swift */ = {isa = PBXFileReference; fileEncoding = 4; lastKnownFileType = sourcecode.swift; path = SakaiService.swift; sourceTree = "<group>"; };
		518CFCAB20B4E68200D5AE8F /* SiteGradebookController.swift */ = {isa = PBXFileReference; lastKnownFileType = sourcecode.swift; path = SiteGradebookController.swift; sourceTree = "<group>"; };
		5193356F20F2FB3300469FD4 /* AnnouncementPageView.swift */ = {isa = PBXFileReference; lastKnownFileType = sourcecode.swift; path = AnnouncementPageView.swift; sourceTree = "<group>"; };
		5193357120F2FC1D00469FD4 /* AnnouncementPageController.swift */ = {isa = PBXFileReference; lastKnownFileType = sourcecode.swift; path = AnnouncementPageController.swift; sourceTree = "<group>"; };
		5193357320F44FFE00469FD4 /* SearchableController.swift */ = {isa = PBXFileReference; lastKnownFileType = sourcecode.swift; path = SearchableController.swift; sourceTree = "<group>"; };
		51A472D020F99FA600CC95F0 /* DataFetcher.swift */ = {isa = PBXFileReference; lastKnownFileType = sourcecode.swift; path = DataFetcher.swift; sourceTree = "<group>"; };
		51A472D420F9A30700CC95F0 /* LoadingIndicator.swift */ = {isa = PBXFileReference; fileEncoding = 4; lastKnownFileType = sourcecode.swift; path = LoadingIndicator.swift; sourceTree = "<group>"; };
		51A472D820F9A97D00CC95F0 /* NetworkController.swift */ = {isa = PBXFileReference; lastKnownFileType = sourcecode.swift; path = NetworkController.swift; sourceTree = "<group>"; };
		51A472DB20F9C13000CC95F0 /* AssignmentTableDataProvider.swift */ = {isa = PBXFileReference; lastKnownFileType = sourcecode.swift; path = AssignmentTableDataProvider.swift; sourceTree = "<group>"; };
		51A472DF20F9C15700CC95F0 /* AssignmentDataFetcher.swift */ = {isa = PBXFileReference; lastKnownFileType = sourcecode.swift; path = AssignmentDataFetcher.swift; sourceTree = "<group>"; };
		51A472E120F9C59E00CC95F0 /* ReusableSource.framework */ = {isa = PBXFileReference; explicitFileType = wrapper.framework; path = ReusableSource.framework; sourceTree = BUILT_PRODUCTS_DIR; };
		51A4731320FA7F4500CC95F0 /* NetworkSource.swift */ = {isa = PBXFileReference; fileEncoding = 4; lastKnownFileType = sourcecode.swift; path = NetworkSource.swift; sourceTree = "<group>"; };
		51C2D15B20C496F000E4C901 /* FloatingHeaderCell.swift */ = {isa = PBXFileReference; lastKnownFileType = sourcecode.swift; path = FloatingHeaderCell.swift; sourceTree = "<group>"; };
		51C4B7E920A6555C00DD6696 /* SitePage.swift */ = {isa = PBXFileReference; lastKnownFileType = sourcecode.swift; path = SitePage.swift; sourceTree = "<group>"; };
		51C4B7EB20A660FA00DD6696 /* ClassController.swift */ = {isa = PBXFileReference; lastKnownFileType = sourcecode.swift; path = ClassController.swift; sourceTree = "<group>"; };
		51C4B7F320A8BBF800DD6696 /* GradebookCell.swift */ = {isa = PBXFileReference; lastKnownFileType = sourcecode.swift; path = GradebookCell.swift; sourceTree = "<group>"; };
		51C4B7F720A8CAC400DD6696 /* GradeItem.swift */ = {isa = PBXFileReference; lastKnownFileType = sourcecode.swift; path = GradeItem.swift; sourceTree = "<group>"; };
		51C4B7F920A9247C00DD6696 /* DefaultController.swift */ = {isa = PBXFileReference; lastKnownFileType = sourcecode.swift; path = DefaultController.swift; sourceTree = "<group>"; };
		51C4B80520AD11F300DD6696 /* AppGlobals.swift */ = {isa = PBXFileReference; lastKnownFileType = sourcecode.swift; path = AppGlobals.swift; sourceTree = "<group>"; };
		51C9790B20F6FD2600191DD6 /* HideableDataProvider.swift */ = {isa = PBXFileReference; lastKnownFileType = sourcecode.swift; path = HideableDataProvider.swift; sourceTree = "<group>"; };
		51C9791120F708B200191DD6 /* SiteDataFetcher.swift */ = {isa = PBXFileReference; lastKnownFileType = sourcecode.swift; path = SiteDataFetcher.swift; sourceTree = "<group>"; };
		51C9791420F81A3E00191DD6 /* GradebookDataProvider.swift */ = {isa = PBXFileReference; lastKnownFileType = sourcecode.swift; path = GradebookDataProvider.swift; sourceTree = "<group>"; };
		51C9791620F82C0E00191DD6 /* SiteDataProvider.swift */ = {isa = PBXFileReference; lastKnownFileType = sourcecode.swift; path = SiteDataProvider.swift; sourceTree = "<group>"; };
		51C9791820F83D3300191DD6 /* GradebookDataFetcher.swift */ = {isa = PBXFileReference; lastKnownFileType = sourcecode.swift; path = GradebookDataFetcher.swift; sourceTree = "<group>"; };
		51C9794320F994FF00191DD6 /* SakaiClientiOS */ = {isa = PBXFileReference; lastKnownFileType = folder; path = SakaiClientiOS; sourceTree = "<group>"; };
		51C9794520F9951500191DD6 /* ReusableDataSource.xcodeproj */ = {isa = PBXFileReference; lastKnownFileType = "wrapper.pb-project"; name = ReusableDataSource.xcodeproj; path = ReusableDataSource/ReusableDataSource.xcodeproj; sourceTree = "<group>"; };
		51DEE52F20FC250A008E709D /* AnnouncementDataProvider.swift */ = {isa = PBXFileReference; lastKnownFileType = sourcecode.swift; path = AnnouncementDataProvider.swift; sourceTree = "<group>"; };
		51DEE53120FC2639008E709D /* AnnouncementDataFetcher.swift */ = {isa = PBXFileReference; lastKnownFileType = sourcecode.swift; path = AnnouncementDataFetcher.swift; sourceTree = "<group>"; };
		51DEE53520FC3D76008E709D /* SearchableDataSource.swift */ = {isa = PBXFileReference; lastKnownFileType = sourcecode.swift; path = SearchableDataSource.swift; sourceTree = "<group>"; };
		51DEE53B20FEFAF2008E709D /* AssignmentTableDataSourceDelegate.swift */ = {isa = PBXFileReference; fileEncoding = 4; lastKnownFileType = sourcecode.swift; path = AssignmentTableDataSourceDelegate.swift; sourceTree = "<group>"; };
		51DEE53D20FEFB19008E709D /* GradebookTableDataSourceDelegate.swift */ = {isa = PBXFileReference; fileEncoding = 4; lastKnownFileType = sourcecode.swift; path = GradebookTableDataSourceDelegate.swift; sourceTree = "<group>"; };
		51DEE53F20FEFB41008E709D /* SiteTableDataSourceDelegate.swift */ = {isa = PBXFileReference; fileEncoding = 4; lastKnownFileType = sourcecode.swift; path = SiteTableDataSourceDelegate.swift; sourceTree = "<group>"; };
		51DEE54120FEFB67008E709D /* AnnouncementTableDataSourceDelegate.swift */ = {isa = PBXFileReference; fileEncoding = 4; lastKnownFileType = sourcecode.swift; path = AnnouncementTableDataSourceDelegate.swift; sourceTree = "<group>"; };
		51DEE548210032AB008E709D /* HideableNetworkTableDataSourceDelegate.swift */ = {isa = PBXFileReference; fileEncoding = 4; lastKnownFileType = sourcecode.swift; path = HideableNetworkTableDataSourceDelegate.swift; sourceTree = "<group>"; };
		51DEE54E210041A4008E709D /* SiteGradebookTableDataSource.swift */ = {isa = PBXFileReference; fileEncoding = 4; lastKnownFileType = sourcecode.swift; path = SiteGradebookTableDataSource.swift; sourceTree = "<group>"; };
		51DEE54F210041A4008E709D /* SiteGradebookDataFetcher.swift */ = {isa = PBXFileReference; fileEncoding = 4; lastKnownFileType = sourcecode.swift; path = SiteGradebookDataFetcher.swift; sourceTree = "<group>"; };
		51DEE55A21016B0D008E709D /* TappableTextView.swift */ = {isa = PBXFileReference; lastKnownFileType = sourcecode.swift; path = TappableTextView.swift; sourceTree = "<group>"; };
		51DEE55D21017CB8008E709D /* SiteAnnouncementController.swift */ = {isa = PBXFileReference; lastKnownFileType = sourcecode.swift; path = SiteAnnouncementController.swift; sourceTree = "<group>"; };
		51DEE5682103D41F008E709D /* SiteAssignmentController.swift */ = {isa = PBXFileReference; lastKnownFileType = sourcecode.swift; path = SiteAssignmentController.swift; sourceTree = "<group>"; };
		51DEE56A21051631008E709D /* HideableDataFetcher.swift */ = {isa = PBXFileReference; lastKnownFileType = sourcecode.swift; path = HideableDataFetcher.swift; sourceTree = "<group>"; };
		51DEE56C210527BC008E709D /* HideableTableDataSourceDelegate.swift */ = {isa = PBXFileReference; lastKnownFileType = sourcecode.swift; path = HideableTableDataSourceDelegate.swift; sourceTree = "<group>"; };
		B694EF28F950D3315AFD2054 /* Pods_SakaiClientiOS.framework */ = {isa = PBXFileReference; explicitFileType = wrapper.framework; includeInIndex = 0; path = Pods_SakaiClientiOS.framework; sourceTree = BUILT_PRODUCTS_DIR; };
		DE0599F51DFD93B200D19D17 /* SakaiClientiOS.app */ = {isa = PBXFileReference; explicitFileType = wrapper.application; includeInIndex = 0; path = SakaiClientiOS.app; sourceTree = BUILT_PRODUCTS_DIR; };
		DE0599F81DFD93B200D19D17 /* AppDelegate.swift */ = {isa = PBXFileReference; lastKnownFileType = sourcecode.swift; path = AppDelegate.swift; sourceTree = "<group>"; };
		DE0599FA1DFD93B200D19D17 /* LoginViewController.swift */ = {isa = PBXFileReference; lastKnownFileType = sourcecode.swift; path = LoginViewController.swift; sourceTree = "<group>"; };
		DE0599FD1DFD93B200D19D17 /* Base */ = {isa = PBXFileReference; lastKnownFileType = file.storyboard; name = Base; path = Base.lproj/Main.storyboard; sourceTree = "<group>"; };
		DE0599FF1DFD93B200D19D17 /* Assets.xcassets */ = {isa = PBXFileReference; lastKnownFileType = folder.assetcatalog; path = Assets.xcassets; sourceTree = "<group>"; };
		DE059A021DFD93B200D19D17 /* Base */ = {isa = PBXFileReference; lastKnownFileType = file.storyboard; name = Base; path = Base.lproj/LaunchScreen.storyboard; sourceTree = "<group>"; };
		DE059A041DFD93B200D19D17 /* Info.plist */ = {isa = PBXFileReference; lastKnownFileType = text.plist.xml; path = Info.plist; sourceTree = "<group>"; };
/* End PBXFileReference section */

/* Begin PBXFrameworksBuildPhase section */
		DE0599F21DFD93B100D19D17 /* Frameworks */ = {
			isa = PBXFrameworksBuildPhase;
			buildActionMask = 2147483647;
			files = (
				AF412FE9DC8C8BBC41E42CFB /* Pods_SakaiClientiOS.framework in Frameworks */,
				517F378820E01AED00B21D5A /* LNPopupController.framework in Frameworks */,
				51A4731120F9CA3E00CC95F0 /* ReusableSource.framework in Frameworks */,
			);
			runOnlyForDeploymentPostprocessing = 0;
		};
/* End PBXFrameworksBuildPhase section */

/* Begin PBXGroup section */
		2FAF2B4998C18CFABEFC9396 /* Pods */ = {
			isa = PBXGroup;
			children = (
				1336A3822B73F22079CD0E3F /* Pods-SakaiClientiOS.debug.xcconfig */,
				4DC2A7AA49263295ACC1E5D6 /* Pods-SakaiClientiOS.release.xcconfig */,
			);
			name = Pods;
			sourceTree = "<group>";
		};
		5113C12320927D19001929DA /* Assignment */ = {
			isa = PBXGroup;
			children = (
				51A472DA20F9AC2700CC95F0 /* AssignmentData */,
				5113C13620928709001929DA /* AssignmentController.swift */,
				511114B420D74D570077F872 /* PagesController.swift */,
				511114B620D752260077F872 /* AssignmentPageController.swift */,
			);
			path = Assignment;
			sourceTree = "<group>";
		};
		5113C12420927D44001929DA /* Gradebook */ = {
			isa = PBXGroup;
			children = (
				51C9791320F81A2500191DD6 /* GradebookData */,
				5113C132209286D9001929DA /* GradebookController.swift */,
			);
			path = Gradebook;
			sourceTree = "<group>";
		};
		5113C12520927D51001929DA /* Settings */ = {
			isa = PBXGroup;
			children = (
				5113C12E209286B3001929DA /* SettingsController.swift */,
			);
			path = Settings;
			sourceTree = "<group>";
		};
		5113C12620927D5A001929DA /* Home */ = {
			isa = PBXGroup;
			children = (
				51C9791020F7087F00191DD6 /* SiteData */,
				518CFCAA20B4E64500D5AE8F /* SitePages */,
				511D7579208DAA9600371998 /* HomeController.swift */,
				51C4B7EB20A660FA00DD6696 /* ClassController.swift */,
			);
			path = Home;
			sourceTree = "<group>";
		};
		5113C12720927D6C001929DA /* Announcement */ = {
			isa = PBXGroup;
			children = (
				51DEE52E20FC219C008E709D /* AnnouncementData */,
				5113C12A20928658001929DA /* AnnouncementController.swift */,
				5193357120F2FC1D00469FD4 /* AnnouncementPageController.swift */,
			);
			path = Announcement;
			sourceTree = "<group>";
		};
		5113C13A209298FF001929DA /* Models */ = {
			isa = PBXGroup;
			children = (
				5113C13B2092BD74001929DA /* Site.swift */,
				514B623820952B89001A716C /* Parsing.swift */,
				518296D520A631CC00EAD645 /* Term.swift */,
				51C4B7E920A6555C00DD6696 /* SitePage.swift */,
				51C4B7F720A8CAC400DD6696 /* GradeItem.swift */,
				5111149920CD89D20077F872 /* Assignment.swift */,
				5103FDF720E862DD009F8BF4 /* Announcement.swift */,
			);
			path = Models;
			sourceTree = "<group>";
		};
		514B623A209569AF001A716C /* UIElements */ = {
			isa = PBXGroup;
			children = (
				51A472D420F9A30700CC95F0 /* LoadingIndicator.swift */,
				514B623B209569FE001A716C /* TermHeader.swift */,
				5113C13D2092D8F1001929DA /* SiteCell.swift */,
				51C4B7F320A8BBF800DD6696 /* GradebookCell.swift */,
				51C2D15B20C496F000E4C901 /* FloatingHeaderCell.swift */,
				5111149B20CD97110077F872 /* AssignmentTableCell.swift */,
				5111149D20CD972D0077F872 /* AssignmentCell.swift */,
				511114A120CDCABD0077F872 /* Layouts.swift */,
				511114A720D0C0D20077F872 /* InsetUILabel.swift */,
				511114B820D881450077F872 /* AssignmentPageView.swift */,
				511114BA20DB4B770077F872 /* DetailLabel.swift */,
				511114BC20DDF8DF0077F872 /* AssignmentDetailsView.swift */,
				5103FDF920E86676009F8BF4 /* AnnouncementCell.swift */,
				5193356F20F2FB3300469FD4 /* AnnouncementPageView.swift */,
				51DEE55A21016B0D008E709D /* TappableTextView.swift */,
			);
			path = UIElements;
			sourceTree = "<group>";
		};
		518903A82106C89900C551AE /* HideableNetwork */ = {
			isa = PBXGroup;
			children = (
				51DEE548210032AB008E709D /* HideableNetworkTableDataSourceDelegate.swift */,
				51DEE56A21051631008E709D /* HideableDataFetcher.swift */,
				518903A02106BAE500C551AE /* HideableNetworkSource.swift */,
				518903A42106C35900C551AE /* HideableNetworkDataProvider.swift */,
				518903A62106C67E00C551AE /* HideableNetworkController.swift */,
			);
			path = HideableNetwork;
			sourceTree = "<group>";
		};
		518CFCAA20B4E64500D5AE8F /* SitePages */ = {
			isa = PBXGroup;
			children = (
				51DEE5672103D3C7008E709D /* AssignmentPage */,
				51DEE55C210171A5008E709D /* AnnouncementPage */,
				5193356C20F2A6AD00469FD4 /* GradebookPage */,
				51C4B7F920A9247C00DD6696 /* DefaultController.swift */,
				518903AF21081ABF00C551AE /* SitePageController.swift */,
			);
			path = SitePages;
			sourceTree = "<group>";
		};
		5193356920ED6CF200469FD4 /* Searchable */ = {
			isa = PBXGroup;
			children = (
				5193357320F44FFE00469FD4 /* SearchableController.swift */,
				51DEE53520FC3D76008E709D /* SearchableDataSource.swift */,
			);
			path = Searchable;
			sourceTree = "<group>";
		};
		5193356C20F2A6AD00469FD4 /* GradebookPage */ = {
			isa = PBXGroup;
			children = (
				51DEE54F210041A4008E709D /* SiteGradebookDataFetcher.swift */,
				51DEE54E210041A4008E709D /* SiteGradebookTableDataSource.swift */,
				518CFCAB20B4E68200D5AE8F /* SiteGradebookController.swift */,
			);
			path = GradebookPage;
			sourceTree = "<group>";
		};
		51A472CF20F99F8D00CC95F0 /* ReusableExtensions */ = {
			isa = PBXGroup;
			children = (
				51A4731320FA7F4500CC95F0 /* NetworkSource.swift */,
				51A472D020F99FA600CC95F0 /* DataFetcher.swift */,
				51A472D820F9A97D00CC95F0 /* NetworkController.swift */,
			);
			path = ReusableExtensions;
			sourceTree = "<group>";
		};
		51A472DA20F9AC2700CC95F0 /* AssignmentData */ = {
			isa = PBXGroup;
			children = (
				51DEE53B20FEFAF2008E709D /* AssignmentTableDataSourceDelegate.swift */,
				51A472DB20F9C13000CC95F0 /* AssignmentTableDataProvider.swift */,
				51A472DF20F9C15700CC95F0 /* AssignmentDataFetcher.swift */,
				518903AB2108151C00C551AE /* AssignmentCollectionDataSourceDelegate.swift */,
			);
			path = AssignmentData;
			sourceTree = "<group>";
		};
		51C2D15A20C47FA000E4C901 /* Controllers */ = {
			isa = PBXGroup;
			children = (
				51A472CF20F99F8D00CC95F0 /* ReusableExtensions */,
				51C9790D20F6FDCE00191DD6 /* Hideable */,
				5193356920ED6CF200469FD4 /* Searchable */,
				5113C12320927D19001929DA /* Assignment */,
				5113C12420927D44001929DA /* Gradebook */,
				5113C12520927D51001929DA /* Settings */,
				5113C12620927D5A001929DA /* Home */,
				5113C12720927D6C001929DA /* Announcement */,
				DE0599FA1DFD93B200D19D17 /* LoginViewController.swift */,
				511114AB20D6CD440077F872 /* WebController.swift */,
			);
			path = Controllers;
			sourceTree = "<group>";
		};
		51C9790D20F6FDCE00191DD6 /* Hideable */ = {
			isa = PBXGroup;
			children = (
				518903A82106C89900C551AE /* HideableNetwork */,
				51DEE56C210527BC008E709D /* HideableTableDataSourceDelegate.swift */,
				51C9790B20F6FD2600191DD6 /* HideableDataProvider.swift */,
			);
			path = Hideable;
			sourceTree = "<group>";
		};
		51C9791020F7087F00191DD6 /* SiteData */ = {
			isa = PBXGroup;
			children = (
				51DEE53F20FEFB41008E709D /* SiteTableDataSourceDelegate.swift */,
				51C9791620F82C0E00191DD6 /* SiteDataProvider.swift */,
				51C9791120F708B200191DD6 /* SiteDataFetcher.swift */,
			);
			path = SiteData;
			sourceTree = "<group>";
		};
		51C9791320F81A2500191DD6 /* GradebookData */ = {
			isa = PBXGroup;
			children = (
				51DEE53D20FEFB19008E709D /* GradebookTableDataSourceDelegate.swift */,
				51C9791420F81A3E00191DD6 /* GradebookDataProvider.swift */,
				51C9791820F83D3300191DD6 /* GradebookDataFetcher.swift */,
			);
			path = GradebookData;
			sourceTree = "<group>";
		};
		51C9794620F9951500191DD6 /* Products */ = {
			isa = PBXGroup;
			children = (
				51C9794A20F9951500191DD6 /* ReusableDataSource.framework */,
			);
			name = Products;
			sourceTree = "<group>";
		};
		51DEE52E20FC219C008E709D /* AnnouncementData */ = {
			isa = PBXGroup;
			children = (
				51DEE54120FEFB67008E709D /* AnnouncementTableDataSourceDelegate.swift */,
				51DEE52F20FC250A008E709D /* AnnouncementDataProvider.swift */,
				51DEE53120FC2639008E709D /* AnnouncementDataFetcher.swift */,
			);
			path = AnnouncementData;
			sourceTree = "<group>";
		};
		51DEE55C210171A5008E709D /* AnnouncementPage */ = {
			isa = PBXGroup;
			children = (
				51DEE55D21017CB8008E709D /* SiteAnnouncementController.swift */,
			);
			path = AnnouncementPage;
			sourceTree = "<group>";
		};
		51DEE5672103D3C7008E709D /* AssignmentPage */ = {
			isa = PBXGroup;
			children = (
				51DEE5682103D41F008E709D /* SiteAssignmentController.swift */,
				518903A9210814B900C551AE /* SiteAssignmentCollectionDataSourceDelegate.swift */,
				518903AD2108154E00C551AE /* SiteAssignmentDataFetcher.swift */,
			);
			path = AssignmentPage;
			sourceTree = "<group>";
		};
		51E9DD9320C4A91900275103 /* Storyboards */ = {
			isa = PBXGroup;
			children = (
				5113C12C20928669001929DA /* AnnouncementView.storyboard */,
				5113C12820927F28001929DA /* HomeView.storyboard */,
				5113C130209286C2001929DA /* SettingsView.storyboard */,
				5113C134209286E8001929DA /* GradebookView.storyboard */,
				5113C13820928718001929DA /* AssignmentView.storyboard */,
				DE0599FC1DFD93B200D19D17 /* Main.storyboard */,
				DE059A011DFD93B200D19D17 /* LaunchScreen.storyboard */,
			);
			path = Storyboards;
			sourceTree = "<group>";
		};
		6A04DF0725D71CF9D407734A /* Frameworks */ = {
			isa = PBXGroup;
			children = (
				51A472E120F9C59E00CC95F0 /* ReusableSource.framework */,
				51C9794520F9951500191DD6 /* ReusableDataSource.xcodeproj */,
				51C9794320F994FF00191DD6 /* SakaiClientiOS */,
				517F378420E019D900B21D5A /* LNPopupController.framework */,
				B694EF28F950D3315AFD2054 /* Pods_SakaiClientiOS.framework */,
			);
			name = Frameworks;
			sourceTree = "<group>";
		};
		DE0599EC1DFD93B100D19D17 = {
			isa = PBXGroup;
			children = (
				DE0599F71DFD93B200D19D17 /* SakaiClientiOS */,
				DE0599F61DFD93B200D19D17 /* Products */,
				2FAF2B4998C18CFABEFC9396 /* Pods */,
				6A04DF0725D71CF9D407734A /* Frameworks */,
			);
			sourceTree = "<group>";
		};
		DE0599F61DFD93B200D19D17 /* Products */ = {
			isa = PBXGroup;
			children = (
				DE0599F51DFD93B200D19D17 /* SakaiClientiOS.app */,
			);
			name = Products;
			sourceTree = "<group>";
		};
		DE0599F71DFD93B200D19D17 /* SakaiClientiOS */ = {
			isa = PBXGroup;
			children = (
				51E9DD9320C4A91900275103 /* Storyboards */,
				51C2D15A20C47FA000E4C901 /* Controllers */,
				514B623A209569AF001A716C /* UIElements */,
				5113C13A209298FF001929DA /* Models */,
				DE0599F81DFD93B200D19D17 /* AppDelegate.swift */,
				DE0599FF1DFD93B200D19D17 /* Assets.xcassets */,
				DE059A041DFD93B200D19D17 /* Info.plist */,
				5113C11F2090F7B7001929DA /* RequestManager.swift */,
				51C4B80520AD11F300DD6696 /* AppGlobals.swift */,
				518903B121092E5500C551AE /* SakaiService.swift */,
			);
			path = SakaiClientiOS;
			sourceTree = "<group>";
		};
/* End PBXGroup section */

/* Begin PBXNativeTarget section */
		DE0599F41DFD93B100D19D17 /* SakaiClientiOS */ = {
			isa = PBXNativeTarget;
			buildConfigurationList = DE059A071DFD93B200D19D17 /* Build configuration list for PBXNativeTarget "SakaiClientiOS" */;
			buildPhases = (
				4D1053EB7B6A570595CA4DBE /* [CP] Check Pods Manifest.lock */,
				DE0599F11DFD93B100D19D17 /* Sources */,
				DE0599F21DFD93B100D19D17 /* Frameworks */,
				DE0599F31DFD93B100D19D17 /* Resources */,
				EB5CEF4A985A44DC55E556E9 /* [CP] Embed Pods Frameworks */,
				517F378A20E01AED00B21D5A /* Embed Frameworks */,
			);
			buildRules = (
			);
			dependencies = (
			);
			name = SakaiClientiOS;
			productName = "web load";
			productReference = DE0599F51DFD93B200D19D17 /* SakaiClientiOS.app */;
			productType = "com.apple.product-type.application";
		};
/* End PBXNativeTarget section */

/* Begin PBXProject section */
		DE0599ED1DFD93B100D19D17 /* Project object */ = {
			isa = PBXProject;
			attributes = {
				LastSwiftUpdateCheck = 0810;
				LastUpgradeCheck = 0810;
				ORGANIZATIONNAME = "";
				TargetAttributes = {
					DE0599F41DFD93B100D19D17 = {
						CreatedOnToolsVersion = 8.1;
						ProvisioningStyle = Automatic;
					};
				};
			};
			buildConfigurationList = DE0599F01DFD93B100D19D17 /* Build configuration list for PBXProject "SakaiClientiOS" */;
			compatibilityVersion = "Xcode 9.3";
			developmentRegion = English;
			hasScannedForEncodings = 0;
			knownRegions = (
				en,
				Base,
			);
			mainGroup = DE0599EC1DFD93B100D19D17;
			productRefGroup = DE0599F61DFD93B200D19D17 /* Products */;
			projectDirPath = "";
			projectReferences = (
				{
					ProductGroup = 51C9794620F9951500191DD6 /* Products */;
					ProjectRef = 51C9794520F9951500191DD6 /* ReusableDataSource.xcodeproj */;
				},
			);
			projectRoot = "";
			targets = (
				DE0599F41DFD93B100D19D17 /* SakaiClientiOS */,
			);
		};
/* End PBXProject section */

/* Begin PBXReferenceProxy section */
		51C9794A20F9951500191DD6 /* ReusableDataSource.framework */ = {
			isa = PBXReferenceProxy;
			fileType = wrapper.framework;
			path = ReusableDataSource.framework;
			remoteRef = 51C9794920F9951500191DD6 /* PBXContainerItemProxy */;
			sourceTree = BUILT_PRODUCTS_DIR;
		};
/* End PBXReferenceProxy section */

/* Begin PBXResourcesBuildPhase section */
		DE0599F31DFD93B100D19D17 /* Resources */ = {
			isa = PBXResourcesBuildPhase;
			buildActionMask = 2147483647;
			files = (
				DE059A031DFD93B200D19D17 /* LaunchScreen.storyboard in Resources */,
				5113C135209286E8001929DA /* GradebookView.storyboard in Resources */,
				5113C12D20928669001929DA /* AnnouncementView.storyboard in Resources */,
				DE059A001DFD93B200D19D17 /* Assets.xcassets in Resources */,
				5113C13920928718001929DA /* AssignmentView.storyboard in Resources */,
				5113C131209286C2001929DA /* SettingsView.storyboard in Resources */,
				5113C12920927F28001929DA /* HomeView.storyboard in Resources */,
				DE0599FE1DFD93B200D19D17 /* Main.storyboard in Resources */,
			);
			runOnlyForDeploymentPostprocessing = 0;
		};
/* End PBXResourcesBuildPhase section */

/* Begin PBXShellScriptBuildPhase section */
		4D1053EB7B6A570595CA4DBE /* [CP] Check Pods Manifest.lock */ = {
			isa = PBXShellScriptBuildPhase;
			buildActionMask = 2147483647;
			files = (
			);
			inputPaths = (
				"${PODS_PODFILE_DIR_PATH}/Podfile.lock",
				"${PODS_ROOT}/Manifest.lock",
			);
			name = "[CP] Check Pods Manifest.lock";
			outputPaths = (
				"$(DERIVED_FILE_DIR)/Pods-SakaiClientiOS-checkManifestLockResult.txt",
			);
			runOnlyForDeploymentPostprocessing = 0;
			shellPath = /bin/sh;
			shellScript = "diff \"${PODS_PODFILE_DIR_PATH}/Podfile.lock\" \"${PODS_ROOT}/Manifest.lock\" > /dev/null\nif [ $? != 0 ] ; then\n    # print error to STDERR\n    echo \"error: The sandbox is not in sync with the Podfile.lock. Run 'pod install' or update your CocoaPods installation.\" >&2\n    exit 1\nfi\n# This output is used by Xcode 'outputs' to avoid re-running this script phase.\necho \"SUCCESS\" > \"${SCRIPT_OUTPUT_FILE_0}\"\n";
			showEnvVarsInLog = 0;
		};
		EB5CEF4A985A44DC55E556E9 /* [CP] Embed Pods Frameworks */ = {
			isa = PBXShellScriptBuildPhase;
			buildActionMask = 2147483647;
			files = (
			);
			inputPaths = (
				"${SRCROOT}/Pods/Target Support Files/Pods-SakaiClientiOS/Pods-SakaiClientiOS-frameworks.sh",
				"${BUILT_PRODUCTS_DIR}/Alamofire/Alamofire.framework",
				"${BUILT_PRODUCTS_DIR}/SwiftyJSON/SwiftyJSON.framework",
			);
			name = "[CP] Embed Pods Frameworks";
			outputPaths = (
				"${TARGET_BUILD_DIR}/${FRAMEWORKS_FOLDER_PATH}/Alamofire.framework",
				"${TARGET_BUILD_DIR}/${FRAMEWORKS_FOLDER_PATH}/SwiftyJSON.framework",
			);
			runOnlyForDeploymentPostprocessing = 0;
			shellPath = /bin/sh;
			shellScript = "\"${SRCROOT}/Pods/Target Support Files/Pods-SakaiClientiOS/Pods-SakaiClientiOS-frameworks.sh\"\n";
			showEnvVarsInLog = 0;
		};
/* End PBXShellScriptBuildPhase section */

/* Begin PBXSourcesBuildPhase section */
		DE0599F11DFD93B100D19D17 /* Sources */ = {
			isa = PBXSourcesBuildPhase;
			buildActionMask = 2147483647;
			files = (
				51DEE53C20FEFAF2008E709D /* AssignmentTableDataSourceDelegate.swift in Sources */,
				51DEE53E20FEFB19008E709D /* GradebookTableDataSourceDelegate.swift in Sources */,
				5113C12B20928658001929DA /* AnnouncementController.swift in Sources */,
				51C4B7EC20A660FA00DD6696 /* ClassController.swift in Sources */,
				DE0599FB1DFD93B200D19D17 /* LoginViewController.swift in Sources */,
				511114B520D74D570077F872 /* PagesController.swift in Sources */,
				51A472D920F9A97D00CC95F0 /* NetworkController.swift in Sources */,
				51DEE5692103D41F008E709D /* SiteAssignmentController.swift in Sources */,
				51DEE54220FEFB68008E709D /* AnnouncementTableDataSourceDelegate.swift in Sources */,
				511114B720D752260077F872 /* AssignmentPageController.swift in Sources */,
				5103FDF820E862DD009F8BF4 /* Announcement.swift in Sources */,
				5113C13E2092D8F1001929DA /* SiteCell.swift in Sources */,
				518296D620A631CC00EAD645 /* Term.swift in Sources */,
				51DEE549210032AC008E709D /* HideableNetworkTableDataSourceDelegate.swift in Sources */,
				5113C13720928709001929DA /* AssignmentController.swift in Sources */,
				51A472D520F9A30700CC95F0 /* LoadingIndicator.swift in Sources */,
				511114A220CDCABD0077F872 /* Layouts.swift in Sources */,
				511114A820D0C0D20077F872 /* InsetUILabel.swift in Sources */,
				5193357220F2FC1D00469FD4 /* AnnouncementPageController.swift in Sources */,
				51C9791220F708B200191DD6 /* SiteDataFetcher.swift in Sources */,
				51C9790C20F6FD2600191DD6 /* HideableDataProvider.swift in Sources */,
				5113C1202090F7B7001929DA /* RequestManager.swift in Sources */,
				5113C13C2092BD74001929DA /* Site.swift in Sources */,
				51DEE53220FC2639008E709D /* AnnouncementDataFetcher.swift in Sources */,
				51C9791720F82C0E00191DD6 /* SiteDataProvider.swift in Sources */,
				5113C12F209286B3001929DA /* SettingsController.swift in Sources */,
				51A4731420FA7F4500CC95F0 /* NetworkSource.swift in Sources */,
				5193357420F44FFE00469FD4 /* SearchableController.swift in Sources */,
				518903A52106C35900C551AE /* HideableNetworkDataProvider.swift in Sources */,
				514B623C209569FE001A716C /* TermHeader.swift in Sources */,
				51C4B80620AD11F300DD6696 /* AppGlobals.swift in Sources */,
				511114AC20D6CD440077F872 /* WebController.swift in Sources */,
				518903A72106C67E00C551AE /* HideableNetworkController.swift in Sources */,
				518903AA210814B900C551AE /* SiteAssignmentCollectionDataSourceDelegate.swift in Sources */,
				518903A12106BAE500C551AE /* HideableNetworkSource.swift in Sources */,
				51DEE53620FC3D76008E709D /* SearchableDataSource.swift in Sources */,
				514B623920952B89001A716C /* Parsing.swift in Sources */,
				518903B221092E5600C551AE /* SakaiService.swift in Sources */,
				518CFCAC20B4E68200D5AE8F /* SiteGradebookController.swift in Sources */,
				51C9791920F83D3300191DD6 /* GradebookDataFetcher.swift in Sources */,
				5113C133209286D9001929DA /* GradebookController.swift in Sources */,
				51C9791520F81A3E00191DD6 /* GradebookDataProvider.swift in Sources */,
				51A472E020F9C15700CC95F0 /* AssignmentDataFetcher.swift in Sources */,
				51DEE54020FEFB41008E709D /* SiteTableDataSourceDelegate.swift in Sources */,
				518903AC2108151C00C551AE /* AssignmentCollectionDataSourceDelegate.swift in Sources */,
				511D757A208DAA9600371998 /* HomeController.swift in Sources */,
				518903B021081ABF00C551AE /* SitePageController.swift in Sources */,
				51A472DC20F9C13000CC95F0 /* AssignmentTableDataProvider.swift in Sources */,
				51C4B7F820A8CAC400DD6696 /* GradeItem.swift in Sources */,
				5111149E20CD972D0077F872 /* AssignmentCell.swift in Sources */,
				51DEE56D210527BC008E709D /* HideableTableDataSourceDelegate.swift in Sources */,
				51DEE55B21016B0D008E709D /* TappableTextView.swift in Sources */,
				518903AE2108154E00C551AE /* SiteAssignmentDataFetcher.swift in Sources */,
				511114B920D881450077F872 /* AssignmentPageView.swift in Sources */,
				51DEE550210041A5008E709D /* SiteGradebookTableDataSource.swift in Sources */,
				5193357020F2FB3300469FD4 /* AnnouncementPageView.swift in Sources */,
				51A472D120F99FA600CC95F0 /* DataFetcher.swift in Sources */,
				DE0599F91DFD93B200D19D17 /* AppDelegate.swift in Sources */,
				511114BD20DDF8DF0077F872 /* AssignmentDetailsView.swift in Sources */,
				51C4B7FA20A9247C00DD6696 /* DefaultController.swift in Sources */,
				51C2D15C20C496F000E4C901 /* FloatingHeaderCell.swift in Sources */,
				51DEE53020FC250A008E709D /* AnnouncementDataProvider.swift in Sources */,
				51DEE551210041A5008E709D /* SiteGradebookDataFetcher.swift in Sources */,
				51C4B7F420A8BBF800DD6696 /* GradebookCell.swift in Sources */,
				51DEE55E21017CB8008E709D /* SiteAnnouncementController.swift in Sources */,
				5111149A20CD89D20077F872 /* Assignment.swift in Sources */,
				51C4B7EA20A6555C00DD6696 /* SitePage.swift in Sources */,
				511114BB20DB4B770077F872 /* DetailLabel.swift in Sources */,
				51DEE56B21051631008E709D /* HideableDataFetcher.swift in Sources */,
				5103FDFA20E86676009F8BF4 /* AnnouncementCell.swift in Sources */,
				5111149C20CD97110077F872 /* AssignmentTableCell.swift in Sources */,
			);
			runOnlyForDeploymentPostprocessing = 0;
		};
/* End PBXSourcesBuildPhase section */

/* Begin PBXVariantGroup section */
		DE0599FC1DFD93B200D19D17 /* Main.storyboard */ = {
			isa = PBXVariantGroup;
			children = (
				DE0599FD1DFD93B200D19D17 /* Base */,
			);
			name = Main.storyboard;
			sourceTree = "<group>";
		};
		DE059A011DFD93B200D19D17 /* LaunchScreen.storyboard */ = {
			isa = PBXVariantGroup;
			children = (
				DE059A021DFD93B200D19D17 /* Base */,
			);
			name = LaunchScreen.storyboard;
			sourceTree = "<group>";
		};
/* End PBXVariantGroup section */

/* Begin XCBuildConfiguration section */
		DE059A051DFD93B200D19D17 /* Debug */ = {
			isa = XCBuildConfiguration;
			buildSettings = {
				ALWAYS_SEARCH_USER_PATHS = NO;
				CLANG_ANALYZER_NONNULL = YES;
				CLANG_CXX_LANGUAGE_STANDARD = "gnu++0x";
				CLANG_CXX_LIBRARY = "libc++";
				CLANG_ENABLE_MODULES = YES;
				CLANG_ENABLE_OBJC_ARC = YES;
				CLANG_WARN_BOOL_CONVERSION = YES;
				CLANG_WARN_CONSTANT_CONVERSION = YES;
				CLANG_WARN_DIRECT_OBJC_ISA_USAGE = YES_ERROR;
				CLANG_WARN_DOCUMENTATION_COMMENTS = YES;
				CLANG_WARN_EMPTY_BODY = YES;
				CLANG_WARN_ENUM_CONVERSION = YES;
				CLANG_WARN_INFINITE_RECURSION = YES;
				CLANG_WARN_INT_CONVERSION = YES;
				CLANG_WARN_OBJC_ROOT_CLASS = YES_ERROR;
				CLANG_WARN_SUSPICIOUS_MOVES = YES;
				CLANG_WARN_UNREACHABLE_CODE = YES;
				CLANG_WARN__DUPLICATE_METHOD_MATCH = YES;
				CODE_SIGN_IDENTITY = "";
				"CODE_SIGN_IDENTITY[sdk=*]" = "iPhone Developer";
				CODE_SIGN_STYLE = Automatic;
				COPY_PHASE_STRIP = NO;
				DEBUG_INFORMATION_FORMAT = dwarf;
				DEVELOPMENT_TEAM = JKXA55BNZW;
				ENABLE_STRICT_OBJC_MSGSEND = YES;
				ENABLE_TESTABILITY = YES;
				GCC_C_LANGUAGE_STANDARD = gnu99;
				GCC_DYNAMIC_NO_PIC = NO;
				GCC_NO_COMMON_BLOCKS = YES;
				GCC_OPTIMIZATION_LEVEL = 0;
				GCC_PREPROCESSOR_DEFINITIONS = (
					"DEBUG=1",
					"$(inherited)",
				);
				GCC_WARN_64_TO_32_BIT_CONVERSION = YES;
				GCC_WARN_ABOUT_RETURN_TYPE = YES_ERROR;
				GCC_WARN_UNDECLARED_SELECTOR = YES;
				GCC_WARN_UNINITIALIZED_AUTOS = YES_AGGRESSIVE;
				GCC_WARN_UNUSED_FUNCTION = YES;
				GCC_WARN_UNUSED_VARIABLE = YES;
				IPHONEOS_DEPLOYMENT_TARGET = 11.0;
				MTL_ENABLE_DEBUG_INFO = YES;
				ONLY_ACTIVE_ARCH = YES;
				SDKROOT = iphoneos;
				SWIFT_ACTIVE_COMPILATION_CONDITIONS = DEBUG;
				SWIFT_COMPILATION_MODE = singlefile;
				SWIFT_OPTIMIZATION_LEVEL = "-Onone";
			};
			name = Debug;
		};
		DE059A061DFD93B200D19D17 /* Release */ = {
			isa = XCBuildConfiguration;
			buildSettings = {
				ALWAYS_SEARCH_USER_PATHS = NO;
				CLANG_ANALYZER_NONNULL = YES;
				CLANG_CXX_LANGUAGE_STANDARD = "gnu++0x";
				CLANG_CXX_LIBRARY = "libc++";
				CLANG_ENABLE_MODULES = YES;
				CLANG_ENABLE_OBJC_ARC = YES;
				CLANG_WARN_BOOL_CONVERSION = YES;
				CLANG_WARN_CONSTANT_CONVERSION = YES;
				CLANG_WARN_DIRECT_OBJC_ISA_USAGE = YES_ERROR;
				CLANG_WARN_DOCUMENTATION_COMMENTS = YES;
				CLANG_WARN_EMPTY_BODY = YES;
				CLANG_WARN_ENUM_CONVERSION = YES;
				CLANG_WARN_INFINITE_RECURSION = YES;
				CLANG_WARN_INT_CONVERSION = YES;
				CLANG_WARN_OBJC_ROOT_CLASS = YES_ERROR;
				CLANG_WARN_SUSPICIOUS_MOVES = YES;
				CLANG_WARN_UNREACHABLE_CODE = YES;
				CLANG_WARN__DUPLICATE_METHOD_MATCH = YES;
				"CODE_SIGN_IDENTITY[sdk=iphoneos*]" = "iPhone Developer";
				CODE_SIGN_STYLE = Automatic;
				COPY_PHASE_STRIP = NO;
				DEBUG_INFORMATION_FORMAT = "dwarf-with-dsym";
				DEVELOPMENT_TEAM = JKXA55BNZW;
				ENABLE_NS_ASSERTIONS = NO;
				ENABLE_STRICT_OBJC_MSGSEND = YES;
				GCC_C_LANGUAGE_STANDARD = gnu99;
				GCC_NO_COMMON_BLOCKS = YES;
				GCC_WARN_64_TO_32_BIT_CONVERSION = YES;
				GCC_WARN_ABOUT_RETURN_TYPE = YES_ERROR;
				GCC_WARN_UNDECLARED_SELECTOR = YES;
				GCC_WARN_UNINITIALIZED_AUTOS = YES_AGGRESSIVE;
				GCC_WARN_UNUSED_FUNCTION = YES;
				GCC_WARN_UNUSED_VARIABLE = YES;
				IPHONEOS_DEPLOYMENT_TARGET = 11.0;
				MTL_ENABLE_DEBUG_INFO = NO;
				SDKROOT = iphoneos;
				SWIFT_COMPILATION_MODE = wholemodule;
				SWIFT_OPTIMIZATION_LEVEL = "-O";
				VALIDATE_PRODUCT = YES;
			};
			name = Release;
		};
		DE059A081DFD93B200D19D17 /* Debug */ = {
			isa = XCBuildConfiguration;
			baseConfigurationReference = 1336A3822B73F22079CD0E3F /* Pods-SakaiClientiOS.debug.xcconfig */;
			buildSettings = {
				ASSETCATALOG_COMPILER_APPICON_NAME = AppIcon;
				CODE_SIGN_IDENTITY = "iPhone Developer";
				DEVELOPMENT_TEAM = B9QTN8GJXZ;
				INFOPLIST_FILE = "$(SRCROOT)/SakaiClientiOS/Info.plist";
				IPHONEOS_DEPLOYMENT_TARGET = 11.0;
				LD_RUNPATH_SEARCH_PATHS = (
					"$(inherited)",
					"@executable_path/Frameworks",
				);
				PRODUCT_BUNDLE_IDENTIFIER = "com.PRN.sakai-client";
				PRODUCT_NAME = "$(TARGET_NAME)";
				SDKROOT = iphoneos11.3;
				SWIFT_VERSION = 4.0;
			};
			name = Debug;
		};
		DE059A091DFD93B200D19D17 /* Release */ = {
			isa = XCBuildConfiguration;
			baseConfigurationReference = 4DC2A7AA49263295ACC1E5D6 /* Pods-SakaiClientiOS.release.xcconfig */;
			buildSettings = {
				ASSETCATALOG_COMPILER_APPICON_NAME = AppIcon;
				CODE_SIGN_IDENTITY = "iPhone Developer";
				DEVELOPMENT_TEAM = B9QTN8GJXZ;
				INFOPLIST_FILE = "$(SRCROOT)/SakaiClientiOS/Info.plist";
				IPHONEOS_DEPLOYMENT_TARGET = 11.0;
				LD_RUNPATH_SEARCH_PATHS = (
					"$(inherited)",
					"@executable_path/Frameworks",
				);
				PRODUCT_BUNDLE_IDENTIFIER = "com.PRN.sakai-client";
				PRODUCT_NAME = "$(TARGET_NAME)";
				SDKROOT = iphoneos11.3;
				SWIFT_VERSION = 4.0;
			};
			name = Release;
		};
/* End XCBuildConfiguration section */

/* Begin XCConfigurationList section */
		DE0599F01DFD93B100D19D17 /* Build configuration list for PBXProject "SakaiClientiOS" */ = {
			isa = XCConfigurationList;
			buildConfigurations = (
				DE059A051DFD93B200D19D17 /* Debug */,
				DE059A061DFD93B200D19D17 /* Release */,
			);
			defaultConfigurationIsVisible = 0;
			defaultConfigurationName = Release;
		};
		DE059A071DFD93B200D19D17 /* Build configuration list for PBXNativeTarget "SakaiClientiOS" */ = {
			isa = XCConfigurationList;
			buildConfigurations = (
				DE059A081DFD93B200D19D17 /* Debug */,
				DE059A091DFD93B200D19D17 /* Release */,
			);
			defaultConfigurationIsVisible = 0;
			defaultConfigurationName = Release;
		};
/* End XCConfigurationList section */
	};
	rootObject = DE0599ED1DFD93B100D19D17 /* Project object */;
}
